// !$*UTF8*$!
{
	archiveVersion = 1;
	classes = {
	};
	objectVersion = 45;
	objects = {

/* Begin PBXBuildFile section */
		83373931171B74FC00ED071A /* default2.jpg in Resources */ = {isa = PBXBuildFile; fileRef = 8337392C171B74FC00ED071A /* default2.jpg */; };
		83373932171B74FC00ED071A /* Sunflowers.jpg in Resources */ = {isa = PBXBuildFile; fileRef = 8337392D171B74FC00ED071A /* Sunflowers.jpg */; };
		83373933171B74FC00ED071A /* ParseLogo.jpg in Resources */ = {isa = PBXBuildFile; fileRef = 8337392E171B74FC00ED071A /* ParseLogo.jpg */; };
		83373934171B74FC00ED071A /* Desert.jpg in Resources */ = {isa = PBXBuildFile; fileRef = 8337392F171B74FC00ED071A /* Desert.jpg */; };
		83373935171B74FC00ED071A /* default3.jpg in Resources */ = {isa = PBXBuildFile; fileRef = 83373930171B74FC00ED071A /* default3.jpg */; };
		8337393A171B793E00ED071A /* rick-james3.jpg in Resources */ = {isa = PBXBuildFile; fileRef = 83373936171B793E00ED071A /* rick-james3.jpg */; };
		8337393B171B793E00ED071A /* rick-james2.jpg in Resources */ = {isa = PBXBuildFile; fileRef = 83373937171B793E00ED071A /* rick-james2.jpg */; };
		8337393C171B793E00ED071A /* rick-james.jpg in Resources */ = {isa = PBXBuildFile; fileRef = 83373938171B793E00ED071A /* rick-james.jpg */; };
		8337393D171B793E00ED071A /* tyrone-biggums.jpg in Resources */ = {isa = PBXBuildFile; fileRef = 83373939171B793E00ED071A /* tyrone-biggums.jpg */; };
		83827BE21714D94900739A87 /* InviteFriendsToCapsuleViewController.m in Sources */ = {isa = PBXBuildFile; fileRef = 83827BE01714D94900739A87 /* InviteFriendsToCapsuleViewController.m */; };
		83827BE31714D94900739A87 /* InviteFriendsToCapsuleViewController.xib in Resources */ = {isa = PBXBuildFile; fileRef = 83827BE11714D94900739A87 /* InviteFriendsToCapsuleViewController.xib */; };
		EA21090816FA47CB0074B34E /* Parse.framework in Frameworks */ = {isa = PBXBuildFile; fileRef = EA21090716FA47CB0074B34E /* Parse.framework */; };
		EA240DC717249B5300CBA842 /* alert.png in Resources */ = {isa = PBXBuildFile; fileRef = EA240DC617249B5300CBA842 /* alert.png */; };
		EA240DC91724A1BB00CBA842 /* inbox-document-new.png in Resources */ = {isa = PBXBuildFile; fileRef = EA240DC81724A1BB00CBA842 /* inbox-document-new.png */; };
		EA240DD71724AF0800CBA842 /* DetailViewController.m in Sources */ = {isa = PBXBuildFile; fileRef = EA240DD41724AF0800CBA842 /* DetailViewController.m */; };
		EA240DDA1724AF5700CBA842 /* MapKit.framework in Frameworks */ = {isa = PBXBuildFile; fileRef = EA240DD91724AF5700CBA842 /* MapKit.framework */; };
		EA240DDE1724AFE700CBA842 /* CapsuleMapViewController.m in Sources */ = {isa = PBXBuildFile; fileRef = EA240DDC1724AFE600CBA842 /* CapsuleMapViewController.m */; };
		EA240DDF1724AFE700CBA842 /* CapsuleMapViewController.xib in Resources */ = {isa = PBXBuildFile; fileRef = EA240DDD1724AFE700CBA842 /* CapsuleMapViewController.xib */; };
		EA240DE21724C48B00CBA842 /* GeoPointAnnotation.m in Sources */ = {isa = PBXBuildFile; fileRef = EA240DE11724C48B00CBA842 /* GeoPointAnnotation.m */; };
		EA29A332171F6DAC00C73114 /* IndividualNotificationViewController.m in Sources */ = {isa = PBXBuildFile; fileRef = EA29A330171F6DAC00C73114 /* IndividualNotificationViewController.m */; };
		EA29A333171F6DAC00C73114 /* IndividualNotificationViewController.xib in Resources */ = {isa = PBXBuildFile; fileRef = EA29A331171F6DAC00C73114 /* IndividualNotificationViewController.xib */; };
		EA29A33B17208E1100C73114 /* NotificationsController.m in Sources */ = {isa = PBXBuildFile; fileRef = EA29A33A17208E1100C73114 /* NotificationsController.m */; };
		EA29A33D1720FB7400C73114 /* delete.png in Resources */ = {isa = PBXBuildFile; fileRef = EA29A33C1720FB7400C73114 /* delete.png */; };
		EA29A3401723282E00C73114 /* default.jpg in Resources */ = {isa = PBXBuildFile; fileRef = EA29A33E1723282E00C73114 /* default.jpg */; };
		EA29A3411723282E00C73114 /* default9.jpg in Resources */ = {isa = PBXBuildFile; fileRef = EA29A33F1723282E00C73114 /* default9.jpg */; };
		EA29A347172328F600C73114 /* default10.jpeg in Resources */ = {isa = PBXBuildFile; fileRef = EA29A342172328F500C73114 /* default10.jpeg */; };
		EA29A348172328F600C73114 /* default5.jpg in Resources */ = {isa = PBXBuildFile; fileRef = EA29A343172328F500C73114 /* default5.jpg */; };
		EA29A349172328F600C73114 /* default6.jpg in Resources */ = {isa = PBXBuildFile; fileRef = EA29A344172328F500C73114 /* default6.jpg */; };
		EA29A34A172328F600C73114 /* default7.jpg in Resources */ = {isa = PBXBuildFile; fileRef = EA29A345172328F600C73114 /* default7.jpg */; };
		EA29A34B172328F600C73114 /* default8.jpg in Resources */ = {isa = PBXBuildFile; fileRef = EA29A346172328F600C73114 /* default8.jpg */; };
		EA29A34D17234F8E00C73114 /* groupedBackground.jpg in Resources */ = {isa = PBXBuildFile; fileRef = EA29A34C17234F8D00C73114 /* groupedBackground.jpg */; };
		EA36397816E84F3900970068 /* UIKit.framework in Frameworks */ = {isa = PBXBuildFile; fileRef = EA36397716E84F3900970068 /* UIKit.framework */; };
		EA36397A16E84F3900970068 /* Foundation.framework in Frameworks */ = {isa = PBXBuildFile; fileRef = EA36397916E84F3900970068 /* Foundation.framework */; };
		EA36397C16E84F3900970068 /* CoreGraphics.framework in Frameworks */ = {isa = PBXBuildFile; fileRef = EA36397B16E84F3900970068 /* CoreGraphics.framework */; };
		EA36398216E84F3900970068 /* InfoPlist.strings in Resources */ = {isa = PBXBuildFile; fileRef = EA36398016E84F3900970068 /* InfoPlist.strings */; };
		EA36398416E84F3900970068 /* main.m in Sources */ = {isa = PBXBuildFile; fileRef = EA36398316E84F3900970068 /* main.m */; };
		EA36398816E84F3900970068 /* AppDelegate.m in Sources */ = {isa = PBXBuildFile; fileRef = EA36398716E84F3900970068 /* AppDelegate.m */; };
		EA36398A16E84F3900970068 /* Default.png in Resources */ = {isa = PBXBuildFile; fileRef = EA36398916E84F3900970068 /* Default.png */; };
		EA36398C16E84F3900970068 /* Default@2x.png in Resources */ = {isa = PBXBuildFile; fileRef = EA36398B16E84F3900970068 /* Default@2x.png */; };
		EA36398E16E84F3900970068 /* Default-568h@2x.png in Resources */ = {isa = PBXBuildFile; fileRef = EA36398D16E84F3900970068 /* Default-568h@2x.png */; };
		EA36399116E84F3900970068 /* MainStoryboard.storyboard in Resources */ = {isa = PBXBuildFile; fileRef = EA36398F16E84F3900970068 /* MainStoryboard.storyboard */; };
		EA36399416E84F3900970068 /* ViewController.m in Sources */ = {isa = PBXBuildFile; fileRef = EA36399316E84F3900970068 /* ViewController.m */; };
		EA4243CA170161CD0037B598 /* friend-add2.png in Resources */ = {isa = PBXBuildFile; fileRef = EA4243C9170161CD0037B598 /* friend-add2.png */; };
		EA4243CE170164470037B598 /* friend-confirm.png in Resources */ = {isa = PBXBuildFile; fileRef = EA4243CD170164470037B598 /* friend-confirm.png */; };
		EA4243D4170166190037B598 /* jar-plus.png in Resources */ = {isa = PBXBuildFile; fileRef = EA4243D3170166190037B598 /* jar-plus.png */; };
		EA4243D6170166E20037B598 /* check.png in Resources */ = {isa = PBXBuildFile; fileRef = EA4243D5170166E20037B598 /* check.png */; };
		EA4ED12D170E7780002421FF /* AcceptInviteViewController.m in Sources */ = {isa = PBXBuildFile; fileRef = EA4ED12B170E7780002421FF /* AcceptInviteViewController.m */; };
		EA4ED12E170E7780002421FF /* AcceptInviteViewController.xib in Resources */ = {isa = PBXBuildFile; fileRef = EA4ED12C170E7780002421FF /* AcceptInviteViewController.xib */; };
		EA4ED132170E77A2002421FF /* CreateCapsuleViewController.m in Sources */ = {isa = PBXBuildFile; fileRef = EA4ED130170E77A2002421FF /* CreateCapsuleViewController.m */; };
		EA4ED133170E77A2002421FF /* CreateCapsuleViewController.xib in Resources */ = {isa = PBXBuildFile; fileRef = EA4ED131170E77A2002421FF /* CreateCapsuleViewController.xib */; };
		EA4ED136170E7859002421FF /* CapsulesViewController.m in Sources */ = {isa = PBXBuildFile; fileRef = EA4ED135170E7859002421FF /* CapsulesViewController.m */; };
		EA4ED13A170E78A4002421FF /* ImageDetailViewController.m in Sources */ = {isa = PBXBuildFile; fileRef = EA4ED138170E78A4002421FF /* ImageDetailViewController.m */; };
		EA4ED13B170E78A4002421FF /* ImageDetailViewController.xib in Resources */ = {isa = PBXBuildFile; fileRef = EA4ED139170E78A4002421FF /* ImageDetailViewController.xib */; };
		EA4ED13F170E78C1002421FF /* ImagesViewController.m in Sources */ = {isa = PBXBuildFile; fileRef = EA4ED13D170E78C1002421FF /* ImagesViewController.m */; };
		EA4ED140170E78C1002421FF /* ImagesViewController.xib in Resources */ = {isa = PBXBuildFile; fileRef = EA4ED13E170E78C1002421FF /* ImagesViewController.xib */; };
		EA683A2016EFF351000BF949 /* AudioToolbox.framework in Frameworks */ = {isa = PBXBuildFile; fileRef = EA683A1F16EFF351000BF949 /* AudioToolbox.framework */; };
		EA683A2216EFF35C000BF949 /* CFNetwork.framework in Frameworks */ = {isa = PBXBuildFile; fileRef = EA683A2116EFF35C000BF949 /* CFNetwork.framework */; };
		EA683A2416EFF371000BF949 /* CoreLocation.framework in Frameworks */ = {isa = PBXBuildFile; fileRef = EA683A2316EFF371000BF949 /* CoreLocation.framework */; };
		EA683A2616EFF3B6000BF949 /* libz.1.1.3.dylib in Frameworks */ = {isa = PBXBuildFile; fileRef = EA683A2516EFF3B6000BF949 /* libz.1.1.3.dylib */; };
		EA683A2816EFF3C3000BF949 /* MobileCoreServices.framework in Frameworks */ = {isa = PBXBuildFile; fileRef = EA683A2716EFF3C3000BF949 /* MobileCoreServices.framework */; };
		EA683A2A16EFF3CF000BF949 /* QuartzCore.framework in Frameworks */ = {isa = PBXBuildFile; fileRef = EA683A2916EFF3CF000BF949 /* QuartzCore.framework */; };
		EA683A2C16EFF3D8000BF949 /* Security.framework in Frameworks */ = {isa = PBXBuildFile; fileRef = EA683A2B16EFF3D8000BF949 /* Security.framework */; };
		EA683A2E16EFF3E2000BF949 /* StoreKit.framework in Frameworks */ = {isa = PBXBuildFile; fileRef = EA683A2D16EFF3E2000BF949 /* StoreKit.framework */; };
		EA683A3016EFF3EB000BF949 /* SystemConfiguration.framework in Frameworks */ = {isa = PBXBuildFile; fileRef = EA683A2F16EFF3EB000BF949 /* SystemConfiguration.framework */; };
		EA683A3316F004C2000BF949 /* LoginViewController.m in Sources */ = {isa = PBXBuildFile; fileRef = EA683A3216F004C2000BF949 /* LoginViewController.m */; };
		EA683ABE16F657DE000BF949 /* HomeViewController.m in Sources */ = {isa = PBXBuildFile; fileRef = EA683ABD16F657DE000BF949 /* HomeViewController.m */; };
		EA6988F21727956A0037676F /* add-comment.png in Resources */ = {isa = PBXBuildFile; fileRef = EA6988F11727956A0037676F /* add-comment.png */; };
		EA6988FB17279AFD0037676F /* CommentsViewController.m in Sources */ = {isa = PBXBuildFile; fileRef = EA6988F917279AFD0037676F /* CommentsViewController.m */; };
		EA6988FC17279AFD0037676F /* CommentsViewController.xib in Resources */ = {isa = PBXBuildFile; fileRef = EA6988FA17279AFD0037676F /* CommentsViewController.xib */; };
		EA735563171603CD00C1FDC9 /* git.txt in Resources */ = {isa = PBXBuildFile; fileRef = EA735562171603CD00C1FDC9 /* git.txt */; };
		EA73557417178E2500C1FDC9 /* message.png in Resources */ = {isa = PBXBuildFile; fileRef = EA73557217178E2500C1FDC9 /* message.png */; };
		EA73557517178E2500C1FDC9 /* new-message.png in Resources */ = {isa = PBXBuildFile; fileRef = EA73557317178E2500C1FDC9 /* new-message.png */; };
		EA73557817178EBC00C1FDC9 /* new-notification.png in Resources */ = {isa = PBXBuildFile; fileRef = EA73557617178EBC00C1FDC9 /* new-notification.png */; };
		EA73557917178EBC00C1FDC9 /* notification.png in Resources */ = {isa = PBXBuildFile; fileRef = EA73557717178EBC00C1FDC9 /* notification.png */; };
		EA93E1DA1728C2B300828FC0 /* nye1.jpeg in Resources */ = {isa = PBXBuildFile; fileRef = EA93E1D51728C2B300828FC0 /* nye1.jpeg */; };
		EA93E1DB1728C2B300828FC0 /* nye2.jpeg in Resources */ = {isa = PBXBuildFile; fileRef = EA93E1D61728C2B300828FC0 /* nye2.jpeg */; };
		EA93E1DC1728C2B300828FC0 /* nye3.jpeg in Resources */ = {isa = PBXBuildFile; fileRef = EA93E1D71728C2B300828FC0 /* nye3.jpeg */; };
		EA93E1DD1728C2B300828FC0 /* nye4.jpeg in Resources */ = {isa = PBXBuildFile; fileRef = EA93E1D81728C2B300828FC0 /* nye4.jpeg */; };
		EA93E1DE1728C2B300828FC0 /* nye5.jpeg in Resources */ = {isa = PBXBuildFile; fileRef = EA93E1D91728C2B300828FC0 /* nye5.jpeg */; };
		EAA18D8B16F82FB00011B050 /* FriendsViewController.m in Sources */ = {isa = PBXBuildFile; fileRef = EAA18D8A16F82FAF0011B050 /* FriendsViewController.m */; };
		EAA18D9F16FA37C90011B050 /* InviteViewController.m in Sources */ = {isa = PBXBuildFile; fileRef = EAA18D9D16FA37C90011B050 /* InviteViewController.m */; };
		EAA18DA016FA37C90011B050 /* InviteViewController.xib in Resources */ = {isa = PBXBuildFile; fileRef = EAA18D9E16FA37C90011B050 /* InviteViewController.xib */; };
		EABE1B8C16FA4E73008DAE00 /* accounts.txt in Resources */ = {isa = PBXBuildFile; fileRef = EABE1B8916FA4E73008DAE00 /* accounts.txt */; };
		EABE1B8D16FA4E73008DAE00 /* img-licenses.txt in Resources */ = {isa = PBXBuildFile; fileRef = EABE1B8A16FA4E73008DAE00 /* img-licenses.txt */; };
		EABE1B8E16FA4E73008DAE00 /* UsefulLinks.txt in Resources */ = {isa = PBXBuildFile; fileRef = EABE1B8B16FA4E73008DAE00 /* UsefulLinks.txt */; };
		EABE1BBE16FA511A008DAE00 /* add-friend.png in Resources */ = {isa = PBXBuildFile; fileRef = EABE1B9016FA511A008DAE00 /* add-friend.png */; };
		EABE1BBF16FA511A008DAE00 /* add-icon.png in Resources */ = {isa = PBXBuildFile; fileRef = EABE1B9116FA511A008DAE00 /* add-icon.png */; };
		EABE1BC216FA511A008DAE00 /* app-map-icon.png in Resources */ = {isa = PBXBuildFile; fileRef = EABE1B9416FA511A008DAE00 /* app-map-icon.png */; };
		EABE1BC316FA511A008DAE00 /* Apps-preferences-system-time-icon.png in Resources */ = {isa = PBXBuildFile; fileRef = EABE1B9516FA511A008DAE00 /* Apps-preferences-system-time-icon.png */; };
		EABE1BC416FA511A008DAE00 /* brain-icon.png in Resources */ = {isa = PBXBuildFile; fileRef = EABE1B9616FA511A008DAE00 /* brain-icon.png */; };
		EABE1BC516FA511A008DAE00 /* capsule-128px.png in Resources */ = {isa = PBXBuildFile; fileRef = EABE1B9716FA511A008DAE00 /* capsule-128px.png */; };
		EABE1BC616FA511A008DAE00 /* capsule-icon.png in Resources */ = {isa = PBXBuildFile; fileRef = EABE1B9816FA511A008DAE00 /* capsule-icon.png */; };
		EABE1BC716FA511A008DAE00 /* capsule1.png in Resources */ = {isa = PBXBuildFile; fileRef = EABE1B9916FA511A008DAE00 /* capsule1.png */; };
		EABE1BC816FA511A008DAE00 /* capsule1.xcf in Resources */ = {isa = PBXBuildFile; fileRef = EABE1B9A16FA511A008DAE00 /* capsule1.xcf */; };
		EABE1BC916FA511A008DAE00 /* capsule2.png in Resources */ = {isa = PBXBuildFile; fileRef = EABE1B9B16FA511A008DAE00 /* capsule2.png */; };
		EABE1BCA16FA511A008DAE00 /* capsule3.png in Resources */ = {isa = PBXBuildFile; fileRef = EABE1B9C16FA511A008DAE00 /* capsule3.png */; };
		EABE1BCB16FA511A008DAE00 /* empty jar.png in Resources */ = {isa = PBXBuildFile; fileRef = EABE1B9D16FA511A008DAE00 /* empty jar.png */; };
		EABE1BCC16FA511A008DAE00 /* friend-add.png in Resources */ = {isa = PBXBuildFile; fileRef = EABE1B9E16FA511A008DAE00 /* friend-add.png */; };
		EABE1BCD16FA511A008DAE00 /* friend-remove.png in Resources */ = {isa = PBXBuildFile; fileRef = EABE1B9F16FA511A008DAE00 /* friend-remove.png */; };
		EABE1BCE16FA511A008DAE00 /* friend.png in Resources */ = {isa = PBXBuildFile; fileRef = EABE1BA016FA511A008DAE00 /* friend.png */; };
		EABE1BCF16FA511A008DAE00 /* full_jar.png in Resources */ = {isa = PBXBuildFile; fileRef = EABE1BA116FA511A008DAE00 /* full_jar.png */; };
		EABE1BD016FA511A008DAE00 /* friend.xcf in Resources */ = {isa = PBXBuildFile; fileRef = EABE1BA316FA511A008DAE00 /* friend.xcf */; };
		EABE1BD116FA511A008DAE00 /* full_jar.xcf in Resources */ = {isa = PBXBuildFile; fileRef = EABE1BA416FA511A008DAE00 /* full_jar.xcf */; };
		EABE1BD216FA511A008DAE00 /* jar-lock.xcf in Resources */ = {isa = PBXBuildFile; fileRef = EABE1BA516FA511A008DAE00 /* jar-lock.xcf */; };
		EABE1BD316FA511A008DAE00 /* jar-plus.xcf in Resources */ = {isa = PBXBuildFile; fileRef = EABE1BA616FA511A008DAE00 /* jar-plus.xcf */; };
		EABE1BD416FA511A008DAE00 /* jar1.xcf in Resources */ = {isa = PBXBuildFile; fileRef = EABE1BA716FA511A008DAE00 /* jar1.xcf */; };
		EABE1BD516FA511A008DAE00 /* home.png in Resources */ = {isa = PBXBuildFile; fileRef = EABE1BA816FA511A008DAE00 /* home.png */; };
		EABE1BD616FA511A008DAE00 /* inbox-document-icon.png in Resources */ = {isa = PBXBuildFile; fileRef = EABE1BA916FA511A008DAE00 /* inbox-document-icon.png */; };
		EABE1BD716FA511A008DAE00 /* jar-32.png in Resources */ = {isa = PBXBuildFile; fileRef = EABE1BAA16FA511A008DAE00 /* jar-32.png */; };
		EABE1BD816FA511A008DAE00 /* jar-go.png in Resources */ = {isa = PBXBuildFile; fileRef = EABE1BAB16FA511A008DAE00 /* jar-go.png */; };
		EABE1BD916FA511A008DAE00 /* jar-lock.png in Resources */ = {isa = PBXBuildFile; fileRef = EABE1BAC16FA511A008DAE00 /* jar-lock.png */; };
		EABE1BDA16FA511A008DAE00 /* jar-minus.png in Resources */ = {isa = PBXBuildFile; fileRef = EABE1BAD16FA511A008DAE00 /* jar-minus.png */; };
		EABE1BDC16FA511A008DAE00 /* jar-plus4.png in Resources */ = {isa = PBXBuildFile; fileRef = EABE1BAF16FA511A008DAE00 /* jar-plus4.png */; };
		EABE1BDD16FA511A008DAE00 /* jar-unlock.png in Resources */ = {isa = PBXBuildFile; fileRef = EABE1BB016FA511A008DAE00 /* jar-unlock.png */; };
		EABE1BDE16FA511A008DAE00 /* jar1.png in Resources */ = {isa = PBXBuildFile; fileRef = EABE1BB116FA511A008DAE00 /* jar1.png */; };
		EABE1BDF16FA511A008DAE00 /* jar2-16.png in Resources */ = {isa = PBXBuildFile; fileRef = EABE1BB216FA511A008DAE00 /* jar2-16.png */; };
		EABE1BE016FA511A008DAE00 /* jarplus.png in Resources */ = {isa = PBXBuildFile; fileRef = EABE1BB316FA511A008DAE00 /* jarplus.png */; };
		EABE1BE116FA511A008DAE00 /* lock.png in Resources */ = {isa = PBXBuildFile; fileRef = EABE1BB416FA511A008DAE00 /* lock.png */; };
		EABE1BE216FA511A008DAE00 /* login1.png in Resources */ = {isa = PBXBuildFile; fileRef = EABE1BB516FA511A008DAE00 /* login1.png */; };
		EABE1BE316FA511A008DAE00 /* loginlogo1.png in Resources */ = {isa = PBXBuildFile; fileRef = EABE1BB616FA511A008DAE00 /* loginlogo1.png */; };
		EABE1BE416FA511A008DAE00 /* memory-icon.png in Resources */ = {isa = PBXBuildFile; fileRef = EABE1BB716FA511A008DAE00 /* memory-icon.png */; };
		EABE1BE516FA511A008DAE00 /* photo-icon.png in Resources */ = {isa = PBXBuildFile; fileRef = EABE1BB816FA511A008DAE00 /* photo-icon.png */; };
		EABE1BE616FA511A008DAE00 /* photo-icon2.png in Resources */ = {isa = PBXBuildFile; fileRef = EABE1BB916FA511A008DAE00 /* photo-icon2.png */; };
		EABE1BE716FA511A008DAE00 /* remove-friend.png in Resources */ = {isa = PBXBuildFile; fileRef = EABE1BBA16FA511A008DAE00 /* remove-friend.png */; };
		EABE1BE816FA511A008DAE00 /* skull-icon.png in Resources */ = {isa = PBXBuildFile; fileRef = EABE1BBB16FA511A008DAE00 /* skull-icon.png */; };
		EABE1BE916FA511A008DAE00 /* tutorial_thumb.png in Resources */ = {isa = PBXBuildFile; fileRef = EABE1BBC16FA511A008DAE00 /* tutorial_thumb.png */; };
		EABE1BEA16FA511A008DAE00 /* unlock.png in Resources */ = {isa = PBXBuildFile; fileRef = EABE1BBD16FA511A008DAE00 /* unlock.png */; };
		EABE1BF116FA5217008DAE00 /* app-icon-57px.png in Resources */ = {isa = PBXBuildFile; fileRef = EABE1B9316FA511A008DAE00 /* app-icon-57px.png */; };
		EABE1BF316FA5CF5008DAE00 /* MessageUI.framework in Frameworks */ = {isa = PBXBuildFile; fileRef = EABE1BF216FA5CF5008DAE00 /* MessageUI.framework */; };
/* End PBXBuildFile section */

/* Begin PBXFileReference section */
		8337392C171B74FC00ED071A /* default2.jpg */ = {isa = PBXFileReference; lastKnownFileType = image.jpeg; path = default2.jpg; sourceTree = "<group>"; };
		8337392D171B74FC00ED071A /* Sunflowers.jpg */ = {isa = PBXFileReference; lastKnownFileType = image.jpeg; path = Sunflowers.jpg; sourceTree = "<group>"; };
		8337392E171B74FC00ED071A /* ParseLogo.jpg */ = {isa = PBXFileReference; lastKnownFileType = image.jpeg; path = ParseLogo.jpg; sourceTree = "<group>"; };
		8337392F171B74FC00ED071A /* Desert.jpg */ = {isa = PBXFileReference; lastKnownFileType = image.jpeg; path = Desert.jpg; sourceTree = "<group>"; };
		83373930171B74FC00ED071A /* default3.jpg */ = {isa = PBXFileReference; lastKnownFileType = image.jpeg; path = default3.jpg; sourceTree = "<group>"; };
		83373936171B793E00ED071A /* rick-james3.jpg */ = {isa = PBXFileReference; lastKnownFileType = image.jpeg; path = "rick-james3.jpg"; sourceTree = "<group>"; };
		83373937171B793E00ED071A /* rick-james2.jpg */ = {isa = PBXFileReference; lastKnownFileType = image.jpeg; path = "rick-james2.jpg"; sourceTree = "<group>"; };
		83373938171B793E00ED071A /* rick-james.jpg */ = {isa = PBXFileReference; lastKnownFileType = image.jpeg; path = "rick-james.jpg"; sourceTree = "<group>"; };
		83373939171B793E00ED071A /* tyrone-biggums.jpg */ = {isa = PBXFileReference; lastKnownFileType = image.jpeg; path = "tyrone-biggums.jpg"; sourceTree = "<group>"; };
		83827BDF1714D94900739A87 /* InviteFriendsToCapsuleViewController.h */ = {isa = PBXFileReference; fileEncoding = 4; lastKnownFileType = sourcecode.c.h; path = InviteFriendsToCapsuleViewController.h; sourceTree = "<group>"; };
		83827BE01714D94900739A87 /* InviteFriendsToCapsuleViewController.m */ = {isa = PBXFileReference; fileEncoding = 4; lastKnownFileType = sourcecode.c.objc; path = InviteFriendsToCapsuleViewController.m; sourceTree = "<group>"; };
		83827BE11714D94900739A87 /* InviteFriendsToCapsuleViewController.xib */ = {isa = PBXFileReference; fileEncoding = 4; lastKnownFileType = file.xib; path = InviteFriendsToCapsuleViewController.xib; sourceTree = "<group>"; };
		EA21090716FA47CB0074B34E /* Parse.framework */ = {isa = PBXFileReference; lastKnownFileType = wrapper.framework; path = Parse.framework; sourceTree = "<group>"; };
		EA240DC617249B5300CBA842 /* alert.png */ = {isa = PBXFileReference; lastKnownFileType = image.png; path = alert.png; sourceTree = "<group>"; };
		EA240DC81724A1BB00CBA842 /* inbox-document-new.png */ = {isa = PBXFileReference; lastKnownFileType = image.png; path = "inbox-document-new.png"; sourceTree = "<group>"; };
		EA240DD31724AF0800CBA842 /* DetailViewController.h */ = {isa = PBXFileReference; fileEncoding = 4; lastKnownFileType = sourcecode.c.h; path = DetailViewController.h; sourceTree = "<group>"; };
		EA240DD41724AF0800CBA842 /* DetailViewController.m */ = {isa = PBXFileReference; fileEncoding = 4; lastKnownFileType = sourcecode.c.objc; path = DetailViewController.m; sourceTree = "<group>"; };
		EA240DD91724AF5700CBA842 /* MapKit.framework */ = {isa = PBXFileReference; lastKnownFileType = wrapper.framework; name = MapKit.framework; path = System/Library/Frameworks/MapKit.framework; sourceTree = SDKROOT; };
		EA240DDB1724AFE600CBA842 /* CapsuleMapViewController.h */ = {isa = PBXFileReference; fileEncoding = 4; lastKnownFileType = sourcecode.c.h; path = CapsuleMapViewController.h; sourceTree = "<group>"; };
		EA240DDC1724AFE600CBA842 /* CapsuleMapViewController.m */ = {isa = PBXFileReference; fileEncoding = 4; lastKnownFileType = sourcecode.c.objc; path = CapsuleMapViewController.m; sourceTree = "<group>"; };
		EA240DDD1724AFE700CBA842 /* CapsuleMapViewController.xib */ = {isa = PBXFileReference; fileEncoding = 4; lastKnownFileType = file.xib; path = CapsuleMapViewController.xib; sourceTree = "<group>"; };
		EA240DE01724C48B00CBA842 /* GeoPointAnnotation.h */ = {isa = PBXFileReference; fileEncoding = 4; lastKnownFileType = sourcecode.c.h; path = GeoPointAnnotation.h; sourceTree = "<group>"; };
		EA240DE11724C48B00CBA842 /* GeoPointAnnotation.m */ = {isa = PBXFileReference; fileEncoding = 4; lastKnownFileType = sourcecode.c.objc; path = GeoPointAnnotation.m; sourceTree = "<group>"; };
		EA29A32F171F6DAC00C73114 /* IndividualNotificationViewController.h */ = {isa = PBXFileReference; fileEncoding = 4; lastKnownFileType = sourcecode.c.h; path = IndividualNotificationViewController.h; sourceTree = "<group>"; };
		EA29A330171F6DAC00C73114 /* IndividualNotificationViewController.m */ = {isa = PBXFileReference; fileEncoding = 4; lastKnownFileType = sourcecode.c.objc; path = IndividualNotificationViewController.m; sourceTree = "<group>"; };
		EA29A331171F6DAC00C73114 /* IndividualNotificationViewController.xib */ = {isa = PBXFileReference; fileEncoding = 4; lastKnownFileType = file.xib; path = IndividualNotificationViewController.xib; sourceTree = "<group>"; };
		EA29A33917208E1100C73114 /* NotificationsController.h */ = {isa = PBXFileReference; fileEncoding = 4; lastKnownFileType = sourcecode.c.h; path = NotificationsController.h; sourceTree = "<group>"; };
		EA29A33A17208E1100C73114 /* NotificationsController.m */ = {isa = PBXFileReference; fileEncoding = 4; lastKnownFileType = sourcecode.c.objc; path = NotificationsController.m; sourceTree = "<group>"; };
		EA29A33C1720FB7400C73114 /* delete.png */ = {isa = PBXFileReference; lastKnownFileType = image.png; path = delete.png; sourceTree = "<group>"; };
		EA29A33E1723282E00C73114 /* default.jpg */ = {isa = PBXFileReference; lastKnownFileType = image.jpeg; path = default.jpg; sourceTree = "<group>"; };
		EA29A33F1723282E00C73114 /* default9.jpg */ = {isa = PBXFileReference; lastKnownFileType = image.jpeg; path = default9.jpg; sourceTree = "<group>"; };
		EA29A342172328F500C73114 /* default10.jpeg */ = {isa = PBXFileReference; lastKnownFileType = image.jpeg; path = default10.jpeg; sourceTree = "<group>"; };
		EA29A343172328F500C73114 /* default5.jpg */ = {isa = PBXFileReference; lastKnownFileType = image.jpeg; path = default5.jpg; sourceTree = "<group>"; };
		EA29A344172328F500C73114 /* default6.jpg */ = {isa = PBXFileReference; lastKnownFileType = image.jpeg; path = default6.jpg; sourceTree = "<group>"; };
		EA29A345172328F600C73114 /* default7.jpg */ = {isa = PBXFileReference; lastKnownFileType = image.jpeg; path = default7.jpg; sourceTree = "<group>"; };
		EA29A346172328F600C73114 /* default8.jpg */ = {isa = PBXFileReference; lastKnownFileType = image.jpeg; path = default8.jpg; sourceTree = "<group>"; };
		EA29A34C17234F8D00C73114 /* groupedBackground.jpg */ = {isa = PBXFileReference; lastKnownFileType = image.jpeg; path = groupedBackground.jpg; sourceTree = "<group>"; };
		EA36397416E84F3900970068 /* MemoryCapsule.app */ = {isa = PBXFileReference; explicitFileType = wrapper.application; includeInIndex = 0; path = MemoryCapsule.app; sourceTree = BUILT_PRODUCTS_DIR; };
		EA36397716E84F3900970068 /* UIKit.framework */ = {isa = PBXFileReference; lastKnownFileType = wrapper.framework; name = UIKit.framework; path = System/Library/Frameworks/UIKit.framework; sourceTree = SDKROOT; };
		EA36397916E84F3900970068 /* Foundation.framework */ = {isa = PBXFileReference; lastKnownFileType = wrapper.framework; name = Foundation.framework; path = System/Library/Frameworks/Foundation.framework; sourceTree = SDKROOT; };
		EA36397B16E84F3900970068 /* CoreGraphics.framework */ = {isa = PBXFileReference; lastKnownFileType = wrapper.framework; name = CoreGraphics.framework; path = System/Library/Frameworks/CoreGraphics.framework; sourceTree = SDKROOT; };
		EA36397F16E84F3900970068 /* MemoryCapsule-Info.plist */ = {isa = PBXFileReference; lastKnownFileType = text.plist.xml; path = "MemoryCapsule-Info.plist"; sourceTree = "<group>"; };
		EA36398116E84F3900970068 /* en */ = {isa = PBXFileReference; lastKnownFileType = text.plist.strings; name = en; path = en.lproj/InfoPlist.strings; sourceTree = "<group>"; };
		EA36398316E84F3900970068 /* main.m */ = {isa = PBXFileReference; lastKnownFileType = sourcecode.c.objc; path = main.m; sourceTree = "<group>"; };
		EA36398516E84F3900970068 /* MemoryCapsule-Prefix.pch */ = {isa = PBXFileReference; lastKnownFileType = sourcecode.c.h; path = "MemoryCapsule-Prefix.pch"; sourceTree = "<group>"; };
		EA36398616E84F3900970068 /* AppDelegate.h */ = {isa = PBXFileReference; lastKnownFileType = sourcecode.c.h; path = AppDelegate.h; sourceTree = "<group>"; };
		EA36398716E84F3900970068 /* AppDelegate.m */ = {isa = PBXFileReference; lastKnownFileType = sourcecode.c.objc; path = AppDelegate.m; sourceTree = "<group>"; };
		EA36398916E84F3900970068 /* Default.png */ = {isa = PBXFileReference; lastKnownFileType = image.png; path = Default.png; sourceTree = "<group>"; };
		EA36398B16E84F3900970068 /* Default@2x.png */ = {isa = PBXFileReference; lastKnownFileType = image.png; path = "Default@2x.png"; sourceTree = "<group>"; };
		EA36398D16E84F3900970068 /* Default-568h@2x.png */ = {isa = PBXFileReference; lastKnownFileType = image.png; path = "Default-568h@2x.png"; sourceTree = "<group>"; };
		EA36399016E84F3900970068 /* en */ = {isa = PBXFileReference; lastKnownFileType = file.storyboard; name = en; path = en.lproj/MainStoryboard.storyboard; sourceTree = "<group>"; };
		EA36399216E84F3900970068 /* ViewController.h */ = {isa = PBXFileReference; lastKnownFileType = sourcecode.c.h; path = ViewController.h; sourceTree = "<group>"; };
		EA36399316E84F3900970068 /* ViewController.m */ = {isa = PBXFileReference; lastKnownFileType = sourcecode.c.objc; path = ViewController.m; sourceTree = "<group>"; };
		EA4243C9170161CD0037B598 /* friend-add2.png */ = {isa = PBXFileReference; lastKnownFileType = image.png; path = "friend-add2.png"; sourceTree = "<group>"; };
		EA4243CD170164470037B598 /* friend-confirm.png */ = {isa = PBXFileReference; lastKnownFileType = image.png; path = "friend-confirm.png"; sourceTree = "<group>"; };
		EA4243D3170166190037B598 /* jar-plus.png */ = {isa = PBXFileReference; lastKnownFileType = image.png; path = "jar-plus.png"; sourceTree = "<group>"; };
		EA4243D5170166E20037B598 /* check.png */ = {isa = PBXFileReference; lastKnownFileType = image.png; path = check.png; sourceTree = "<group>"; };
		EA4ED12A170E7780002421FF /* AcceptInviteViewController.h */ = {isa = PBXFileReference; fileEncoding = 4; lastKnownFileType = sourcecode.c.h; path = AcceptInviteViewController.h; sourceTree = "<group>"; };
		EA4ED12B170E7780002421FF /* AcceptInviteViewController.m */ = {isa = PBXFileReference; fileEncoding = 4; lastKnownFileType = sourcecode.c.objc; path = AcceptInviteViewController.m; sourceTree = "<group>"; };
		EA4ED12C170E7780002421FF /* AcceptInviteViewController.xib */ = {isa = PBXFileReference; fileEncoding = 4; lastKnownFileType = file.xib; path = AcceptInviteViewController.xib; sourceTree = "<group>"; };
		EA4ED12F170E77A2002421FF /* CreateCapsuleViewController.h */ = {isa = PBXFileReference; fileEncoding = 4; lastKnownFileType = sourcecode.c.h; path = CreateCapsuleViewController.h; sourceTree = "<group>"; };
		EA4ED130170E77A2002421FF /* CreateCapsuleViewController.m */ = {isa = PBXFileReference; fileEncoding = 4; lastKnownFileType = sourcecode.c.objc; path = CreateCapsuleViewController.m; sourceTree = "<group>"; };
		EA4ED131170E77A2002421FF /* CreateCapsuleViewController.xib */ = {isa = PBXFileReference; fileEncoding = 4; lastKnownFileType = file.xib; path = CreateCapsuleViewController.xib; sourceTree = "<group>"; };
		EA4ED134170E7859002421FF /* CapsulesViewController.h */ = {isa = PBXFileReference; fileEncoding = 4; lastKnownFileType = sourcecode.c.h; name = CapsulesViewController.h; path = MemoryCapsule/CapsulesViewController.h; sourceTree = "<group>"; };
		EA4ED135170E7859002421FF /* CapsulesViewController.m */ = {isa = PBXFileReference; fileEncoding = 4; lastKnownFileType = sourcecode.c.objc; name = CapsulesViewController.m; path = MemoryCapsule/CapsulesViewController.m; sourceTree = "<group>"; };
		EA4ED137170E78A4002421FF /* ImageDetailViewController.h */ = {isa = PBXFileReference; fileEncoding = 4; lastKnownFileType = sourcecode.c.h; path = ImageDetailViewController.h; sourceTree = "<group>"; };
		EA4ED138170E78A4002421FF /* ImageDetailViewController.m */ = {isa = PBXFileReference; fileEncoding = 4; lastKnownFileType = sourcecode.c.objc; path = ImageDetailViewController.m; sourceTree = "<group>"; };
		EA4ED139170E78A4002421FF /* ImageDetailViewController.xib */ = {isa = PBXFileReference; fileEncoding = 4; lastKnownFileType = file.xib; path = ImageDetailViewController.xib; sourceTree = "<group>"; };
		EA4ED13C170E78C1002421FF /* ImagesViewController.h */ = {isa = PBXFileReference; fileEncoding = 4; lastKnownFileType = sourcecode.c.h; path = ImagesViewController.h; sourceTree = "<group>"; };
		EA4ED13D170E78C1002421FF /* ImagesViewController.m */ = {isa = PBXFileReference; fileEncoding = 4; lastKnownFileType = sourcecode.c.objc; path = ImagesViewController.m; sourceTree = "<group>"; };
		EA4ED13E170E78C1002421FF /* ImagesViewController.xib */ = {isa = PBXFileReference; fileEncoding = 4; lastKnownFileType = file.xib; path = ImagesViewController.xib; sourceTree = "<group>"; };
		EA683A1F16EFF351000BF949 /* AudioToolbox.framework */ = {isa = PBXFileReference; lastKnownFileType = wrapper.framework; name = AudioToolbox.framework; path = System/Library/Frameworks/AudioToolbox.framework; sourceTree = SDKROOT; };
		EA683A2116EFF35C000BF949 /* CFNetwork.framework */ = {isa = PBXFileReference; lastKnownFileType = wrapper.framework; name = CFNetwork.framework; path = System/Library/Frameworks/CFNetwork.framework; sourceTree = SDKROOT; };
		EA683A2316EFF371000BF949 /* CoreLocation.framework */ = {isa = PBXFileReference; lastKnownFileType = wrapper.framework; name = CoreLocation.framework; path = System/Library/Frameworks/CoreLocation.framework; sourceTree = SDKROOT; };
		EA683A2516EFF3B6000BF949 /* libz.1.1.3.dylib */ = {isa = PBXFileReference; lastKnownFileType = "compiled.mach-o.dylib"; name = libz.1.1.3.dylib; path = usr/lib/libz.1.1.3.dylib; sourceTree = SDKROOT; };
		EA683A2716EFF3C3000BF949 /* MobileCoreServices.framework */ = {isa = PBXFileReference; lastKnownFileType = wrapper.framework; name = MobileCoreServices.framework; path = System/Library/Frameworks/MobileCoreServices.framework; sourceTree = SDKROOT; };
		EA683A2916EFF3CF000BF949 /* QuartzCore.framework */ = {isa = PBXFileReference; lastKnownFileType = wrapper.framework; name = QuartzCore.framework; path = System/Library/Frameworks/QuartzCore.framework; sourceTree = SDKROOT; };
		EA683A2B16EFF3D8000BF949 /* Security.framework */ = {isa = PBXFileReference; lastKnownFileType = wrapper.framework; name = Security.framework; path = System/Library/Frameworks/Security.framework; sourceTree = SDKROOT; };
		EA683A2D16EFF3E2000BF949 /* StoreKit.framework */ = {isa = PBXFileReference; lastKnownFileType = wrapper.framework; name = StoreKit.framework; path = System/Library/Frameworks/StoreKit.framework; sourceTree = SDKROOT; };
		EA683A2F16EFF3EB000BF949 /* SystemConfiguration.framework */ = {isa = PBXFileReference; lastKnownFileType = wrapper.framework; name = SystemConfiguration.framework; path = System/Library/Frameworks/SystemConfiguration.framework; sourceTree = SDKROOT; };
		EA683A3116F004C2000BF949 /* LoginViewController.h */ = {isa = PBXFileReference; fileEncoding = 4; lastKnownFileType = sourcecode.c.h; name = LoginViewController.h; path = MemoryCapsule/LoginViewController.h; sourceTree = "<group>"; };
		EA683A3216F004C2000BF949 /* LoginViewController.m */ = {isa = PBXFileReference; fileEncoding = 4; lastKnownFileType = sourcecode.c.objc; name = LoginViewController.m; path = MemoryCapsule/LoginViewController.m; sourceTree = "<group>"; };
		EA683ABC16F657DE000BF949 /* HomeViewController.h */ = {isa = PBXFileReference; fileEncoding = 4; lastKnownFileType = sourcecode.c.h; name = HomeViewController.h; path = MemoryCapsule/HomeViewController.h; sourceTree = "<group>"; };
		EA683ABD16F657DE000BF949 /* HomeViewController.m */ = {isa = PBXFileReference; fileEncoding = 4; lastKnownFileType = sourcecode.c.objc; name = HomeViewController.m; path = MemoryCapsule/HomeViewController.m; sourceTree = "<group>"; };
		EA6988F11727956A0037676F /* add-comment.png */ = {isa = PBXFileReference; lastKnownFileType = image.png; path = "add-comment.png"; sourceTree = "<group>"; };
		EA6988F817279AFD0037676F /* CommentsViewController.h */ = {isa = PBXFileReference; fileEncoding = 4; lastKnownFileType = sourcecode.c.h; path = CommentsViewController.h; sourceTree = "<group>"; };
		EA6988F917279AFD0037676F /* CommentsViewController.m */ = {isa = PBXFileReference; fileEncoding = 4; lastKnownFileType = sourcecode.c.objc; path = CommentsViewController.m; sourceTree = "<group>"; };
		EA6988FA17279AFD0037676F /* CommentsViewController.xib */ = {isa = PBXFileReference; fileEncoding = 4; lastKnownFileType = file.xib; path = CommentsViewController.xib; sourceTree = "<group>"; };
		EA735562171603CD00C1FDC9 /* git.txt */ = {isa = PBXFileReference; fileEncoding = 4; lastKnownFileType = text; path = git.txt; sourceTree = "<group>"; };
		EA73557217178E2500C1FDC9 /* message.png */ = {isa = PBXFileReference; lastKnownFileType = image.png; name = message.png; path = "Gimp Files/message.png"; sourceTree = "<group>"; };
		EA73557317178E2500C1FDC9 /* new-message.png */ = {isa = PBXFileReference; lastKnownFileType = image.png; name = "new-message.png"; path = "Gimp Files/new-message.png"; sourceTree = "<group>"; };
		EA73557617178EBC00C1FDC9 /* new-notification.png */ = {isa = PBXFileReference; lastKnownFileType = image.png; path = "new-notification.png"; sourceTree = "<group>"; };
		EA73557717178EBC00C1FDC9 /* notification.png */ = {isa = PBXFileReference; lastKnownFileType = image.png; path = notification.png; sourceTree = "<group>"; };
		EA93E1D51728C2B300828FC0 /* nye1.jpeg */ = {isa = PBXFileReference; lastKnownFileType = image.jpeg; path = nye1.jpeg; sourceTree = "<group>"; };
		EA93E1D61728C2B300828FC0 /* nye2.jpeg */ = {isa = PBXFileReference; lastKnownFileType = image.jpeg; path = nye2.jpeg; sourceTree = "<group>"; };
		EA93E1D71728C2B300828FC0 /* nye3.jpeg */ = {isa = PBXFileReference; lastKnownFileType = image.jpeg; path = nye3.jpeg; sourceTree = "<group>"; };
		EA93E1D81728C2B300828FC0 /* nye4.jpeg */ = {isa = PBXFileReference; lastKnownFileType = image.jpeg; path = nye4.jpeg; sourceTree = "<group>"; };
		EA93E1D91728C2B300828FC0 /* nye5.jpeg */ = {isa = PBXFileReference; lastKnownFileType = image.jpeg; path = nye5.jpeg; sourceTree = "<group>"; };
		EAA18D8916F82FAF0011B050 /* FriendsViewController.h */ = {isa = PBXFileReference; fileEncoding = 4; lastKnownFileType = sourcecode.c.h; name = FriendsViewController.h; path = MemoryCapsule/FriendsViewController.h; sourceTree = "<group>"; };
		EAA18D8A16F82FAF0011B050 /* FriendsViewController.m */ = {isa = PBXFileReference; fileEncoding = 4; lastKnownFileType = sourcecode.c.objc; name = FriendsViewController.m; path = MemoryCapsule/FriendsViewController.m; sourceTree = "<group>"; };
		EAA18D9C16FA37C90011B050 /* InviteViewController.h */ = {isa = PBXFileReference; fileEncoding = 4; lastKnownFileType = sourcecode.c.h; name = InviteViewController.h; path = MemoryCapsule/InviteViewController.h; sourceTree = "<group>"; };
		EAA18D9D16FA37C90011B050 /* InviteViewController.m */ = {isa = PBXFileReference; fileEncoding = 4; lastKnownFileType = sourcecode.c.objc; name = InviteViewController.m; path = MemoryCapsule/InviteViewController.m; sourceTree = "<group>"; };
		EAA18D9E16FA37C90011B050 /* InviteViewController.xib */ = {isa = PBXFileReference; fileEncoding = 4; lastKnownFileType = file.xib; name = InviteViewController.xib; path = MemoryCapsule/InviteViewController.xib; sourceTree = "<group>"; };
		EABE1B8916FA4E73008DAE00 /* accounts.txt */ = {isa = PBXFileReference; fileEncoding = 4; lastKnownFileType = text; path = accounts.txt; sourceTree = "<group>"; };
		EABE1B8A16FA4E73008DAE00 /* img-licenses.txt */ = {isa = PBXFileReference; fileEncoding = 4; lastKnownFileType = text; path = "img-licenses.txt"; sourceTree = "<group>"; };
		EABE1B8B16FA4E73008DAE00 /* UsefulLinks.txt */ = {isa = PBXFileReference; fileEncoding = 4; lastKnownFileType = text; path = UsefulLinks.txt; sourceTree = "<group>"; };
		EABE1B9016FA511A008DAE00 /* add-friend.png */ = {isa = PBXFileReference; lastKnownFileType = image.png; path = "add-friend.png"; sourceTree = "<group>"; };
		EABE1B9116FA511A008DAE00 /* add-icon.png */ = {isa = PBXFileReference; lastKnownFileType = image.png; path = "add-icon.png"; sourceTree = "<group>"; };
		EABE1B9216FA511A008DAE00 /* app-icon-114px.png */ = {isa = PBXFileReference; lastKnownFileType = image.png; path = "app-icon-114px.png"; sourceTree = "<group>"; };
		EABE1B9316FA511A008DAE00 /* app-icon-57px.png */ = {isa = PBXFileReference; lastKnownFileType = image.png; path = "app-icon-57px.png"; sourceTree = "<group>"; };
		EABE1B9416FA511A008DAE00 /* app-map-icon.png */ = {isa = PBXFileReference; lastKnownFileType = image.png; path = "app-map-icon.png"; sourceTree = "<group>"; };
		EABE1B9516FA511A008DAE00 /* Apps-preferences-system-time-icon.png */ = {isa = PBXFileReference; lastKnownFileType = image.png; path = "Apps-preferences-system-time-icon.png"; sourceTree = "<group>"; };
		EABE1B9616FA511A008DAE00 /* brain-icon.png */ = {isa = PBXFileReference; lastKnownFileType = image.png; path = "brain-icon.png"; sourceTree = "<group>"; };
		EABE1B9716FA511A008DAE00 /* capsule-128px.png */ = {isa = PBXFileReference; lastKnownFileType = image.png; path = "capsule-128px.png"; sourceTree = "<group>"; };
		EABE1B9816FA511A008DAE00 /* capsule-icon.png */ = {isa = PBXFileReference; lastKnownFileType = image.png; path = "capsule-icon.png"; sourceTree = "<group>"; };
		EABE1B9916FA511A008DAE00 /* capsule1.png */ = {isa = PBXFileReference; lastKnownFileType = image.png; path = capsule1.png; sourceTree = "<group>"; };
		EABE1B9A16FA511A008DAE00 /* capsule1.xcf */ = {isa = PBXFileReference; lastKnownFileType = file; path = capsule1.xcf; sourceTree = "<group>"; };
		EABE1B9B16FA511A008DAE00 /* capsule2.png */ = {isa = PBXFileReference; lastKnownFileType = image.png; path = capsule2.png; sourceTree = "<group>"; };
		EABE1B9C16FA511A008DAE00 /* capsule3.png */ = {isa = PBXFileReference; lastKnownFileType = image.png; path = capsule3.png; sourceTree = "<group>"; };
		EABE1B9D16FA511A008DAE00 /* empty jar.png */ = {isa = PBXFileReference; lastKnownFileType = image.png; path = "empty jar.png"; sourceTree = "<group>"; };
		EABE1B9E16FA511A008DAE00 /* friend-add.png */ = {isa = PBXFileReference; lastKnownFileType = image.png; path = "friend-add.png"; sourceTree = "<group>"; };
		EABE1B9F16FA511A008DAE00 /* friend-remove.png */ = {isa = PBXFileReference; lastKnownFileType = image.png; path = "friend-remove.png"; sourceTree = "<group>"; };
		EABE1BA016FA511A008DAE00 /* friend.png */ = {isa = PBXFileReference; lastKnownFileType = image.png; path = friend.png; sourceTree = "<group>"; };
		EABE1BA116FA511A008DAE00 /* full_jar.png */ = {isa = PBXFileReference; lastKnownFileType = image.png; path = full_jar.png; sourceTree = "<group>"; };
		EABE1BA316FA511A008DAE00 /* friend.xcf */ = {isa = PBXFileReference; lastKnownFileType = file; path = friend.xcf; sourceTree = "<group>"; };
		EABE1BA416FA511A008DAE00 /* full_jar.xcf */ = {isa = PBXFileReference; lastKnownFileType = file; path = full_jar.xcf; sourceTree = "<group>"; };
		EABE1BA516FA511A008DAE00 /* jar-lock.xcf */ = {isa = PBXFileReference; lastKnownFileType = file; path = "jar-lock.xcf"; sourceTree = "<group>"; };
		EABE1BA616FA511A008DAE00 /* jar-plus.xcf */ = {isa = PBXFileReference; lastKnownFileType = file; path = "jar-plus.xcf"; sourceTree = "<group>"; };
		EABE1BA716FA511A008DAE00 /* jar1.xcf */ = {isa = PBXFileReference; lastKnownFileType = file; path = jar1.xcf; sourceTree = "<group>"; };
		EABE1BA816FA511A008DAE00 /* home.png */ = {isa = PBXFileReference; lastKnownFileType = image.png; path = home.png; sourceTree = "<group>"; };
		EABE1BA916FA511A008DAE00 /* inbox-document-icon.png */ = {isa = PBXFileReference; lastKnownFileType = image.png; path = "inbox-document-icon.png"; sourceTree = "<group>"; };
		EABE1BAA16FA511A008DAE00 /* jar-32.png */ = {isa = PBXFileReference; lastKnownFileType = image.png; path = "jar-32.png"; sourceTree = "<group>"; };
		EABE1BAB16FA511A008DAE00 /* jar-go.png */ = {isa = PBXFileReference; lastKnownFileType = image.png; path = "jar-go.png"; sourceTree = "<group>"; };
		EABE1BAC16FA511A008DAE00 /* jar-lock.png */ = {isa = PBXFileReference; lastKnownFileType = image.png; path = "jar-lock.png"; sourceTree = "<group>"; };
		EABE1BAD16FA511A008DAE00 /* jar-minus.png */ = {isa = PBXFileReference; lastKnownFileType = image.png; path = "jar-minus.png"; sourceTree = "<group>"; };
		EABE1BAF16FA511A008DAE00 /* jar-plus4.png */ = {isa = PBXFileReference; lastKnownFileType = image.png; path = "jar-plus4.png"; sourceTree = "<group>"; };
		EABE1BB016FA511A008DAE00 /* jar-unlock.png */ = {isa = PBXFileReference; lastKnownFileType = image.png; path = "jar-unlock.png"; sourceTree = "<group>"; };
		EABE1BB116FA511A008DAE00 /* jar1.png */ = {isa = PBXFileReference; lastKnownFileType = image.png; path = jar1.png; sourceTree = "<group>"; };
		EABE1BB216FA511A008DAE00 /* jar2-16.png */ = {isa = PBXFileReference; lastKnownFileType = image.png; path = "jar2-16.png"; sourceTree = "<group>"; };
		EABE1BB316FA511A008DAE00 /* jarplus.png */ = {isa = PBXFileReference; lastKnownFileType = image.png; path = jarplus.png; sourceTree = "<group>"; };
		EABE1BB416FA511A008DAE00 /* lock.png */ = {isa = PBXFileReference; lastKnownFileType = image.png; path = lock.png; sourceTree = "<group>"; };
		EABE1BB516FA511A008DAE00 /* login1.png */ = {isa = PBXFileReference; lastKnownFileType = image.png; path = login1.png; sourceTree = "<group>"; };
		EABE1BB616FA511A008DAE00 /* loginlogo1.png */ = {isa = PBXFileReference; lastKnownFileType = image.png; path = loginlogo1.png; sourceTree = "<group>"; };
		EABE1BB716FA511A008DAE00 /* memory-icon.png */ = {isa = PBXFileReference; lastKnownFileType = image.png; path = "memory-icon.png"; sourceTree = "<group>"; };
		EABE1BB816FA511A008DAE00 /* photo-icon.png */ = {isa = PBXFileReference; lastKnownFileType = image.png; path = "photo-icon.png"; sourceTree = "<group>"; };
		EABE1BB916FA511A008DAE00 /* photo-icon2.png */ = {isa = PBXFileReference; lastKnownFileType = image.png; path = "photo-icon2.png"; sourceTree = "<group>"; };
		EABE1BBA16FA511A008DAE00 /* remove-friend.png */ = {isa = PBXFileReference; lastKnownFileType = image.png; path = "remove-friend.png"; sourceTree = "<group>"; };
		EABE1BBB16FA511A008DAE00 /* skull-icon.png */ = {isa = PBXFileReference; lastKnownFileType = image.png; path = "skull-icon.png"; sourceTree = "<group>"; };
		EABE1BBC16FA511A008DAE00 /* tutorial_thumb.png */ = {isa = PBXFileReference; lastKnownFileType = image.png; path = tutorial_thumb.png; sourceTree = "<group>"; };
		EABE1BBD16FA511A008DAE00 /* unlock.png */ = {isa = PBXFileReference; lastKnownFileType = image.png; path = unlock.png; sourceTree = "<group>"; };
		EABE1BEF16FA51D2008DAE00 /* Default.png */ = {isa = PBXFileReference; lastKnownFileType = image.png; name = Default.png; path = ../../Default.png; sourceTree = "<group>"; };
		EABE1BF216FA5CF5008DAE00 /* MessageUI.framework */ = {isa = PBXFileReference; lastKnownFileType = wrapper.framework; name = MessageUI.framework; path = System/Library/Frameworks/MessageUI.framework; sourceTree = SDKROOT; };
/* End PBXFileReference section */

/* Begin PBXFrameworksBuildPhase section */
		EA36397116E84F3900970068 /* Frameworks */ = {
			isa = PBXFrameworksBuildPhase;
			buildActionMask = 2147483647;
			files = (
				EA240DDA1724AF5700CBA842 /* MapKit.framework in Frameworks */,
				EABE1BF316FA5CF5008DAE00 /* MessageUI.framework in Frameworks */,
				EA21090816FA47CB0074B34E /* Parse.framework in Frameworks */,
				EA683A3016EFF3EB000BF949 /* SystemConfiguration.framework in Frameworks */,
				EA683A2E16EFF3E2000BF949 /* StoreKit.framework in Frameworks */,
				EA683A2C16EFF3D8000BF949 /* Security.framework in Frameworks */,
				EA683A2A16EFF3CF000BF949 /* QuartzCore.framework in Frameworks */,
				EA683A2816EFF3C3000BF949 /* MobileCoreServices.framework in Frameworks */,
				EA683A2616EFF3B6000BF949 /* libz.1.1.3.dylib in Frameworks */,
				EA683A2416EFF371000BF949 /* CoreLocation.framework in Frameworks */,
				EA36397C16E84F3900970068 /* CoreGraphics.framework in Frameworks */,
				EA683A2216EFF35C000BF949 /* CFNetwork.framework in Frameworks */,
				EA683A2016EFF351000BF949 /* AudioToolbox.framework in Frameworks */,
				EA36397816E84F3900970068 /* UIKit.framework in Frameworks */,
				EA36397A16E84F3900970068 /* Foundation.framework in Frameworks */,
			);
			runOnlyForDeploymentPostprocessing = 0;
		};
/* End PBXFrameworksBuildPhase section */

/* Begin PBXGroup section */
		EA240DCA1724AA3100CBA842 /* Map */ = {
			isa = PBXGroup;
			children = (
				EA240DD31724AF0800CBA842 /* DetailViewController.h */,
				EA240DD41724AF0800CBA842 /* DetailViewController.m */,
				EA240DDB1724AFE600CBA842 /* CapsuleMapViewController.h */,
				EA240DDC1724AFE600CBA842 /* CapsuleMapViewController.m */,
				EA240DDD1724AFE700CBA842 /* CapsuleMapViewController.xib */,
				EA240DE01724C48B00CBA842 /* GeoPointAnnotation.h */,
				EA240DE11724C48B00CBA842 /* GeoPointAnnotation.m */,
			);
			name = Map;
			sourceTree = "<group>";
		};
		EA36396B16E84F3900970068 = {
			isa = PBXGroup;
			children = (
				EA93E1D41728C2A000828FC0 /* screenshots */,
				EABE1B8816FA4E73008DAE00 /* Documentation */,
				EA683A9516F1961D000BF949 /* Capsule */,
				EA683A9616F19624000BF949 /* Friends */,
				EA683A8E16F17FE4000BF949 /* Home */,
				EABE1B8F16FA511A008DAE00 /* Images */,
				EA683A4116F058FD000BF949 /* Login */,
				EA240DCA1724AA3100CBA842 /* Map */,
				EA36397D16E84F3900970068 /* MemoryCapsule */,
				EA7355641717796E00C1FDC9 /* Notifications */,
				EA36397616E84F3900970068 /* Frameworks */,
				EA36397516E84F3900970068 /* Products */,
			);
			sourceTree = "<group>";
		};
		EA36397516E84F3900970068 /* Products */ = {
			isa = PBXGroup;
			children = (
				EA36397416E84F3900970068 /* MemoryCapsule.app */,
			);
			name = Products;
			sourceTree = "<group>";
		};
		EA36397616E84F3900970068 /* Frameworks */ = {
			isa = PBXGroup;
			children = (
				EA240DD91724AF5700CBA842 /* MapKit.framework */,
				EABE1BF216FA5CF5008DAE00 /* MessageUI.framework */,
				EA21090716FA47CB0074B34E /* Parse.framework */,
				EA683A2F16EFF3EB000BF949 /* SystemConfiguration.framework */,
				EA683A2D16EFF3E2000BF949 /* StoreKit.framework */,
				EA683A2B16EFF3D8000BF949 /* Security.framework */,
				EA683A2916EFF3CF000BF949 /* QuartzCore.framework */,
				EA683A2716EFF3C3000BF949 /* MobileCoreServices.framework */,
				EA683A2516EFF3B6000BF949 /* libz.1.1.3.dylib */,
				EA683A2316EFF371000BF949 /* CoreLocation.framework */,
				EA683A2116EFF35C000BF949 /* CFNetwork.framework */,
				EA683A1F16EFF351000BF949 /* AudioToolbox.framework */,
				EA36397716E84F3900970068 /* UIKit.framework */,
				EA36397916E84F3900970068 /* Foundation.framework */,
				EA36397B16E84F3900970068 /* CoreGraphics.framework */,
			);
			name = Frameworks;
			sourceTree = "<group>";
		};
		EA36397D16E84F3900970068 /* MemoryCapsule */ = {
			isa = PBXGroup;
			children = (
				EA36398616E84F3900970068 /* AppDelegate.h */,
				EA36398716E84F3900970068 /* AppDelegate.m */,
				EA36398F16E84F3900970068 /* MainStoryboard.storyboard */,
				EA36399216E84F3900970068 /* ViewController.h */,
				EA36399316E84F3900970068 /* ViewController.m */,
				EA36397E16E84F3900970068 /* Supporting Files */,
			);
			path = MemoryCapsule;
			sourceTree = "<group>";
		};
		EA36397E16E84F3900970068 /* Supporting Files */ = {
			isa = PBXGroup;
			children = (
				EA36397F16E84F3900970068 /* MemoryCapsule-Info.plist */,
				EA36398016E84F3900970068 /* InfoPlist.strings */,
				EA36398316E84F3900970068 /* main.m */,
				EA36398516E84F3900970068 /* MemoryCapsule-Prefix.pch */,
				EA36398916E84F3900970068 /* Default.png */,
				EA36398B16E84F3900970068 /* Default@2x.png */,
				EA36398D16E84F3900970068 /* Default-568h@2x.png */,
			);
			name = "Supporting Files";
			sourceTree = "<group>";
		};
		EA683A4116F058FD000BF949 /* Login */ = {
			isa = PBXGroup;
			children = (
				EA683A3116F004C2000BF949 /* LoginViewController.h */,
				EA683A3216F004C2000BF949 /* LoginViewController.m */,
			);
			name = Login;
			sourceTree = "<group>";
		};
		EA683A8E16F17FE4000BF949 /* Home */ = {
			isa = PBXGroup;
			children = (
				EA683ABC16F657DE000BF949 /* HomeViewController.h */,
				EA683ABD16F657DE000BF949 /* HomeViewController.m */,
			);
			name = Home;
			sourceTree = "<group>";
		};
		EA683A9516F1961D000BF949 /* Capsule */ = {
			isa = PBXGroup;
			children = (
				EA4ED13C170E78C1002421FF /* ImagesViewController.h */,
				EA4ED13D170E78C1002421FF /* ImagesViewController.m */,
				EA4ED13E170E78C1002421FF /* ImagesViewController.xib */,
				EA4ED137170E78A4002421FF /* ImageDetailViewController.h */,
				EA4ED138170E78A4002421FF /* ImageDetailViewController.m */,
				EA4ED139170E78A4002421FF /* ImageDetailViewController.xib */,
				EA4ED12F170E77A2002421FF /* CreateCapsuleViewController.h */,
				EA4ED130170E77A2002421FF /* CreateCapsuleViewController.m */,
				EA4ED131170E77A2002421FF /* CreateCapsuleViewController.xib */,
				EA4ED134170E7859002421FF /* CapsulesViewController.h */,
				EA4ED135170E7859002421FF /* CapsulesViewController.m */,
				83827BDF1714D94900739A87 /* InviteFriendsToCapsuleViewController.h */,
				83827BE01714D94900739A87 /* InviteFriendsToCapsuleViewController.m */,
				83827BE11714D94900739A87 /* InviteFriendsToCapsuleViewController.xib */,
				EA6988F817279AFD0037676F /* CommentsViewController.h */,
				EA6988F917279AFD0037676F /* CommentsViewController.m */,
				EA6988FA17279AFD0037676F /* CommentsViewController.xib */,
			);
			name = Capsule;
			sourceTree = "<group>";
		};
		EA683A9616F19624000BF949 /* Friends */ = {
			isa = PBXGroup;
			children = (
				EA4ED12A170E7780002421FF /* AcceptInviteViewController.h */,
				EA4ED12B170E7780002421FF /* AcceptInviteViewController.m */,
				EA4ED12C170E7780002421FF /* AcceptInviteViewController.xib */,
				EAA18D8916F82FAF0011B050 /* FriendsViewController.h */,
				EAA18D8A16F82FAF0011B050 /* FriendsViewController.m */,
				EAA18D9C16FA37C90011B050 /* InviteViewController.h */,
				EAA18D9D16FA37C90011B050 /* InviteViewController.m */,
				EAA18D9E16FA37C90011B050 /* InviteViewController.xib */,
			);
			name = Friends;
			sourceTree = "<group>";
		};
		EA7355641717796E00C1FDC9 /* Notifications */ = {
			isa = PBXGroup;
			children = (
				EA29A32F171F6DAC00C73114 /* IndividualNotificationViewController.h */,
				EA29A330171F6DAC00C73114 /* IndividualNotificationViewController.m */,
				EA29A331171F6DAC00C73114 /* IndividualNotificationViewController.xib */,
				EA29A33917208E1100C73114 /* NotificationsController.h */,
				EA29A33A17208E1100C73114 /* NotificationsController.m */,
			);
			name = Notifications;
			sourceTree = "<group>";
		};
		EA93E1D41728C2A000828FC0 /* screenshots */ = {
			isa = PBXGroup;
			children = (
				EA93E1D51728C2B300828FC0 /* nye1.jpeg */,
				EA93E1D61728C2B300828FC0 /* nye2.jpeg */,
				EA93E1D71728C2B300828FC0 /* nye3.jpeg */,
				EA93E1D81728C2B300828FC0 /* nye4.jpeg */,
				EA93E1D91728C2B300828FC0 /* nye5.jpeg */,
			);
			name = screenshots;
			sourceTree = "<group>";
		};
		EABE1B8816FA4E73008DAE00 /* Documentation */ = {
			isa = PBXGroup;
			children = (
				EABE1B8916FA4E73008DAE00 /* accounts.txt */,
				EABE1B8A16FA4E73008DAE00 /* img-licenses.txt */,
				EABE1B8B16FA4E73008DAE00 /* UsefulLinks.txt */,
				EA735562171603CD00C1FDC9 /* git.txt */,
			);
			name = Documentation;
			path = Resources/Documentation;
			sourceTree = "<group>";
		};
		EABE1B8F16FA511A008DAE00 /* Images */ = {
			isa = PBXGroup;
			children = (
				EA6988F11727956A0037676F /* add-comment.png */,
				EA240DC81724A1BB00CBA842 /* inbox-document-new.png */,
				EA240DC617249B5300CBA842 /* alert.png */,
				EABE1B9016FA511A008DAE00 /* add-friend.png */,
				EABE1B9116FA511A008DAE00 /* add-icon.png */,
				EABE1B9216FA511A008DAE00 /* app-icon-114px.png */,
				EABE1B9316FA511A008DAE00 /* app-icon-57px.png */,
				EABE1B9416FA511A008DAE00 /* app-map-icon.png */,
				EABE1B9516FA511A008DAE00 /* Apps-preferences-system-time-icon.png */,
				EABE1B9C16FA511A008DAE00 /* capsule3.png */,
				EABE1B9616FA511A008DAE00 /* brain-icon.png */,
				EABE1B9716FA511A008DAE00 /* capsule-128px.png */,
				EABE1B9816FA511A008DAE00 /* capsule-icon.png */,
				EABE1B9916FA511A008DAE00 /* capsule1.png */,
				EABE1B9A16FA511A008DAE00 /* capsule1.xcf */,
				EABE1B9B16FA511A008DAE00 /* capsule2.png */,
				EA4243D5170166E20037B598 /* check.png */,
				EA29A33E1723282E00C73114 /* default.jpg */,
				EABE1BEF16FA51D2008DAE00 /* Default.png */,
				EA29A342172328F500C73114 /* default10.jpeg */,
				8337392C171B74FC00ED071A /* default2.jpg */,
				83373930171B74FC00ED071A /* default3.jpg */,
				EA29A343172328F500C73114 /* default5.jpg */,
				EA29A344172328F500C73114 /* default6.jpg */,
				EA29A345172328F600C73114 /* default7.jpg */,
				EA29A346172328F600C73114 /* default8.jpg */,
				EA29A33F1723282E00C73114 /* default9.jpg */,
				EA29A33C1720FB7400C73114 /* delete.png */,
				8337392F171B74FC00ED071A /* Desert.jpg */,
				EABE1B9D16FA511A008DAE00 /* empty jar.png */,
				EABE1B9E16FA511A008DAE00 /* friend-add.png */,
				EA4243C9170161CD0037B598 /* friend-add2.png */,
				EA4243CD170164470037B598 /* friend-confirm.png */,
				EABE1B9F16FA511A008DAE00 /* friend-remove.png */,
				EABE1BA016FA511A008DAE00 /* friend.png */,
				EABE1BA116FA511A008DAE00 /* full_jar.png */,
				EABE1BA216FA511A008DAE00 /* Gimp Files */,
				EA29A34C17234F8D00C73114 /* groupedBackground.jpg */,
				EABE1BA816FA511A008DAE00 /* home.png */,
				EABE1BA916FA511A008DAE00 /* inbox-document-icon.png */,
				EABE1BAA16FA511A008DAE00 /* jar-32.png */,
				EABE1BAB16FA511A008DAE00 /* jar-go.png */,
				EABE1BAC16FA511A008DAE00 /* jar-lock.png */,
				EABE1BAD16FA511A008DAE00 /* jar-minus.png */,
				EA4243D3170166190037B598 /* jar-plus.png */,
				EABE1BAF16FA511A008DAE00 /* jar-plus4.png */,
				EABE1BB016FA511A008DAE00 /* jar-unlock.png */,
				EABE1BB116FA511A008DAE00 /* jar1.png */,
				EABE1BB216FA511A008DAE00 /* jar2-16.png */,
				EABE1BB316FA511A008DAE00 /* jarplus.png */,
				EABE1BB416FA511A008DAE00 /* lock.png */,
				EABE1BB516FA511A008DAE00 /* login1.png */,
				EABE1BB616FA511A008DAE00 /* loginlogo1.png */,
				EABE1BB716FA511A008DAE00 /* memory-icon.png */,
				EA73557217178E2500C1FDC9 /* message.png */,
				EA73557317178E2500C1FDC9 /* new-message.png */,
				EA73557617178EBC00C1FDC9 /* new-notification.png */,
				EA73557717178EBC00C1FDC9 /* notification.png */,
				8337392E171B74FC00ED071A /* ParseLogo.jpg */,
				EABE1BB816FA511A008DAE00 /* photo-icon.png */,
				EABE1BB916FA511A008DAE00 /* photo-icon2.png */,
				EABE1BBA16FA511A008DAE00 /* remove-friend.png */,
				83373938171B793E00ED071A /* rick-james.jpg */,
				83373937171B793E00ED071A /* rick-james2.jpg */,
				83373936171B793E00ED071A /* rick-james3.jpg */,
				EABE1BBB16FA511A008DAE00 /* skull-icon.png */,
				8337392D171B74FC00ED071A /* Sunflowers.jpg */,
				EABE1BBC16FA511A008DAE00 /* tutorial_thumb.png */,
				83373939171B793E00ED071A /* tyrone-biggums.jpg */,
				EABE1BBD16FA511A008DAE00 /* unlock.png */,
			);
			name = Images;
			path = Resources/Images;
			sourceTree = "<group>";
		};
		EABE1BA216FA511A008DAE00 /* Gimp Files */ = {
			isa = PBXGroup;
			children = (
				EABE1BA316FA511A008DAE00 /* friend.xcf */,
				EABE1BA416FA511A008DAE00 /* full_jar.xcf */,
				EABE1BA516FA511A008DAE00 /* jar-lock.xcf */,
				EABE1BA616FA511A008DAE00 /* jar-plus.xcf */,
				EABE1BA716FA511A008DAE00 /* jar1.xcf */,
			);
			path = "Gimp Files";
			sourceTree = "<group>";
		};
/* End PBXGroup section */

/* Begin PBXNativeTarget section */
		EA36397316E84F3900970068 /* MemoryCapsule */ = {
			isa = PBXNativeTarget;
			buildConfigurationList = EA36399716E84F3900970068 /* Build configuration list for PBXNativeTarget "MemoryCapsule" */;
			buildPhases = (
				EA36397016E84F3900970068 /* Sources */,
				EA36397116E84F3900970068 /* Frameworks */,
				EA36397216E84F3900970068 /* Resources */,
			);
			buildRules = (
			);
			dependencies = (
			);
			name = MemoryCapsule;
			productName = MemoryCapsule;
			productReference = EA36397416E84F3900970068 /* MemoryCapsule.app */;
			productType = "com.apple.product-type.application";
		};
/* End PBXNativeTarget section */

/* Begin PBXProject section */
		EA36396C16E84F3900970068 /* Project object */ = {
			isa = PBXProject;
			attributes = {
				LastUpgradeCheck = 0460;
				ORGANIZATIONNAME = teambrown;
			};
			buildConfigurationList = EA36396F16E84F3900970068 /* Build configuration list for PBXProject "MemoryCapsule" */;
			compatibilityVersion = "Xcode 3.1";
			developmentRegion = English;
			hasScannedForEncodings = 0;
			knownRegions = (
				en,
			);
			mainGroup = EA36396B16E84F3900970068;
			productRefGroup = EA36397516E84F3900970068 /* Products */;
			projectDirPath = "";
			projectRoot = "";
			targets = (
				EA36397316E84F3900970068 /* MemoryCapsule */,
			);
		};
/* End PBXProject section */

/* Begin PBXResourcesBuildPhase section */
		EA36397216E84F3900970068 /* Resources */ = {
			isa = PBXResourcesBuildPhase;
			buildActionMask = 2147483647;
			files = (
				EA36398216E84F3900970068 /* InfoPlist.strings in Resources */,
				EA36398A16E84F3900970068 /* Default.png in Resources */,
				EA36398C16E84F3900970068 /* Default@2x.png in Resources */,
				EA36398E16E84F3900970068 /* Default-568h@2x.png in Resources */,
				EA36399116E84F3900970068 /* MainStoryboard.storyboard in Resources */,
				EAA18DA016FA37C90011B050 /* InviteViewController.xib in Resources */,
				EABE1B8C16FA4E73008DAE00 /* accounts.txt in Resources */,
				EABE1B8D16FA4E73008DAE00 /* img-licenses.txt in Resources */,
				EABE1B8E16FA4E73008DAE00 /* UsefulLinks.txt in Resources */,
				EABE1BBE16FA511A008DAE00 /* add-friend.png in Resources */,
				EABE1BBF16FA511A008DAE00 /* add-icon.png in Resources */,
				EABE1BC216FA511A008DAE00 /* app-map-icon.png in Resources */,
				EABE1BC316FA511A008DAE00 /* Apps-preferences-system-time-icon.png in Resources */,
				EABE1BC416FA511A008DAE00 /* brain-icon.png in Resources */,
				EABE1BC516FA511A008DAE00 /* capsule-128px.png in Resources */,
				EABE1BC616FA511A008DAE00 /* capsule-icon.png in Resources */,
				EABE1BC716FA511A008DAE00 /* capsule1.png in Resources */,
				EABE1BC816FA511A008DAE00 /* capsule1.xcf in Resources */,
				EABE1BC916FA511A008DAE00 /* capsule2.png in Resources */,
				EABE1BCA16FA511A008DAE00 /* capsule3.png in Resources */,
				EABE1BCB16FA511A008DAE00 /* empty jar.png in Resources */,
				EABE1BCC16FA511A008DAE00 /* friend-add.png in Resources */,
				EABE1BCD16FA511A008DAE00 /* friend-remove.png in Resources */,
				EABE1BCE16FA511A008DAE00 /* friend.png in Resources */,
				EABE1BCF16FA511A008DAE00 /* full_jar.png in Resources */,
				EABE1BD016FA511A008DAE00 /* friend.xcf in Resources */,
				EABE1BD116FA511A008DAE00 /* full_jar.xcf in Resources */,
				EABE1BD216FA511A008DAE00 /* jar-lock.xcf in Resources */,
				EABE1BD316FA511A008DAE00 /* jar-plus.xcf in Resources */,
				EABE1BD416FA511A008DAE00 /* jar1.xcf in Resources */,
				EABE1BD516FA511A008DAE00 /* home.png in Resources */,
				EABE1BD616FA511A008DAE00 /* inbox-document-icon.png in Resources */,
				EABE1BD716FA511A008DAE00 /* jar-32.png in Resources */,
				EABE1BD816FA511A008DAE00 /* jar-go.png in Resources */,
				EABE1BD916FA511A008DAE00 /* jar-lock.png in Resources */,
				EABE1BDA16FA511A008DAE00 /* jar-minus.png in Resources */,
				EABE1BDC16FA511A008DAE00 /* jar-plus4.png in Resources */,
				EABE1BDD16FA511A008DAE00 /* jar-unlock.png in Resources */,
				EABE1BDE16FA511A008DAE00 /* jar1.png in Resources */,
				EABE1BDF16FA511A008DAE00 /* jar2-16.png in Resources */,
				EABE1BE016FA511A008DAE00 /* jarplus.png in Resources */,
				EABE1BE116FA511A008DAE00 /* lock.png in Resources */,
				EABE1BE216FA511A008DAE00 /* login1.png in Resources */,
				EABE1BE316FA511A008DAE00 /* loginlogo1.png in Resources */,
				EABE1BE416FA511A008DAE00 /* memory-icon.png in Resources */,
				EABE1BE516FA511A008DAE00 /* photo-icon.png in Resources */,
				EABE1BE616FA511A008DAE00 /* photo-icon2.png in Resources */,
				EABE1BE716FA511A008DAE00 /* remove-friend.png in Resources */,
				EABE1BE816FA511A008DAE00 /* skull-icon.png in Resources */,
				EABE1BE916FA511A008DAE00 /* tutorial_thumb.png in Resources */,
				EABE1BEA16FA511A008DAE00 /* unlock.png in Resources */,
				EABE1BF116FA5217008DAE00 /* app-icon-57px.png in Resources */,
				EA4243CA170161CD0037B598 /* friend-add2.png in Resources */,
				EA4243CE170164470037B598 /* friend-confirm.png in Resources */,
				EA4243D4170166190037B598 /* jar-plus.png in Resources */,
				EA4243D6170166E20037B598 /* check.png in Resources */,
				EA4ED12E170E7780002421FF /* AcceptInviteViewController.xib in Resources */,
				EA4ED133170E77A2002421FF /* CreateCapsuleViewController.xib in Resources */,
				EA4ED13B170E78A4002421FF /* ImageDetailViewController.xib in Resources */,
				EA4ED140170E78C1002421FF /* ImagesViewController.xib in Resources */,
				83827BE31714D94900739A87 /* InviteFriendsToCapsuleViewController.xib in Resources */,
				EA735563171603CD00C1FDC9 /* git.txt in Resources */,
				EA73557417178E2500C1FDC9 /* message.png in Resources */,
				EA73557517178E2500C1FDC9 /* new-message.png in Resources */,
				EA73557817178EBC00C1FDC9 /* new-notification.png in Resources */,
				EA73557917178EBC00C1FDC9 /* notification.png in Resources */,
				83373931171B74FC00ED071A /* default2.jpg in Resources */,
				83373932171B74FC00ED071A /* Sunflowers.jpg in Resources */,
				83373933171B74FC00ED071A /* ParseLogo.jpg in Resources */,
				83373934171B74FC00ED071A /* Desert.jpg in Resources */,
				83373935171B74FC00ED071A /* default3.jpg in Resources */,
				8337393A171B793E00ED071A /* rick-james3.jpg in Resources */,
				8337393B171B793E00ED071A /* rick-james2.jpg in Resources */,
				8337393C171B793E00ED071A /* rick-james.jpg in Resources */,
				8337393D171B793E00ED071A /* tyrone-biggums.jpg in Resources */,
				EA29A333171F6DAC00C73114 /* IndividualNotificationViewController.xib in Resources */,
				EA29A33D1720FB7400C73114 /* delete.png in Resources */,
				EA29A3401723282E00C73114 /* default.jpg in Resources */,
				EA29A3411723282E00C73114 /* default9.jpg in Resources */,
				EA29A347172328F600C73114 /* default10.jpeg in Resources */,
				EA29A348172328F600C73114 /* default5.jpg in Resources */,
				EA29A349172328F600C73114 /* default6.jpg in Resources */,
				EA29A34A172328F600C73114 /* default7.jpg in Resources */,
				EA29A34B172328F600C73114 /* default8.jpg in Resources */,
				EA29A34D17234F8E00C73114 /* groupedBackground.jpg in Resources */,
				EA240DC717249B5300CBA842 /* alert.png in Resources */,
				EA240DC91724A1BB00CBA842 /* inbox-document-new.png in Resources */,
				EA240DDF1724AFE700CBA842 /* CapsuleMapViewController.xib in Resources */,
				EA6988F21727956A0037676F /* add-comment.png in Resources */,
				EA6988FC17279AFD0037676F /* CommentsViewController.xib in Resources */,
				EA93E1DA1728C2B300828FC0 /* nye1.jpeg in Resources */,
				EA93E1DB1728C2B300828FC0 /* nye2.jpeg in Resources */,
				EA93E1DC1728C2B300828FC0 /* nye3.jpeg in Resources */,
				EA93E1DD1728C2B300828FC0 /* nye4.jpeg in Resources */,
				EA93E1DE1728C2B300828FC0 /* nye5.jpeg in Resources */,
			);
			runOnlyForDeploymentPostprocessing = 0;
		};
/* End PBXResourcesBuildPhase section */

/* Begin PBXSourcesBuildPhase section */
		EA36397016E84F3900970068 /* Sources */ = {
			isa = PBXSourcesBuildPhase;
			buildActionMask = 2147483647;
			files = (
				EA36398416E84F3900970068 /* main.m in Sources */,
				EA36398816E84F3900970068 /* AppDelegate.m in Sources */,
				EA36399416E84F3900970068 /* ViewController.m in Sources */,
				EA683A3316F004C2000BF949 /* LoginViewController.m in Sources */,
				EA683ABE16F657DE000BF949 /* HomeViewController.m in Sources */,
				EAA18D8B16F82FB00011B050 /* FriendsViewController.m in Sources */,
				EAA18D9F16FA37C90011B050 /* InviteViewController.m in Sources */,
				EA4ED12D170E7780002421FF /* AcceptInviteViewController.m in Sources */,
				EA4ED132170E77A2002421FF /* CreateCapsuleViewController.m in Sources */,
				EA4ED136170E7859002421FF /* CapsulesViewController.m in Sources */,
				EA4ED13A170E78A4002421FF /* ImageDetailViewController.m in Sources */,
				EA4ED13F170E78C1002421FF /* ImagesViewController.m in Sources */,
				83827BE21714D94900739A87 /* InviteFriendsToCapsuleViewController.m in Sources */,
				EA29A332171F6DAC00C73114 /* IndividualNotificationViewController.m in Sources */,
				EA29A33B17208E1100C73114 /* NotificationsController.m in Sources */,
				EA240DD71724AF0800CBA842 /* DetailViewController.m in Sources */,
				EA240DDE1724AFE700CBA842 /* CapsuleMapViewController.m in Sources */,
				EA240DE21724C48B00CBA842 /* GeoPointAnnotation.m in Sources */,
				EA6988FB17279AFD0037676F /* CommentsViewController.m in Sources */,
			);
			runOnlyForDeploymentPostprocessing = 0;
		};
/* End PBXSourcesBuildPhase section */

/* Begin PBXVariantGroup section */
		EA36398016E84F3900970068 /* InfoPlist.strings */ = {
			isa = PBXVariantGroup;
			children = (
				EA36398116E84F3900970068 /* en */,
			);
			name = InfoPlist.strings;
			sourceTree = "<group>";
		};
		EA36398F16E84F3900970068 /* MainStoryboard.storyboard */ = {
			isa = PBXVariantGroup;
			children = (
				EA36399016E84F3900970068 /* en */,
			);
			name = MainStoryboard.storyboard;
			sourceTree = "<group>";
		};
/* End PBXVariantGroup section */

/* Begin XCBuildConfiguration section */
		EA36399516E84F3900970068 /* Debug */ = {
			isa = XCBuildConfiguration;
			buildSettings = {
				ALWAYS_SEARCH_USER_PATHS = NO;
				CLANG_CXX_LANGUAGE_STANDARD = "gnu++0x";
				CLANG_CXX_LIBRARY = "libc++";
				CLANG_ENABLE_OBJC_ARC = YES;
				CLANG_WARN_CONSTANT_CONVERSION = YES;
				CLANG_WARN_EMPTY_BODY = YES;
				CLANG_WARN_ENUM_CONVERSION = YES;
				CLANG_WARN_INT_CONVERSION = YES;
				CLANG_WARN__DUPLICATE_METHOD_MATCH = YES;
				"CODE_SIGN_IDENTITY[sdk=iphoneos*]" = "iPhone Developer";
				COPY_PHASE_STRIP = NO;
				GCC_C_LANGUAGE_STANDARD = gnu99;
				GCC_DYNAMIC_NO_PIC = NO;
				GCC_OPTIMIZATION_LEVEL = 0;
				GCC_PREPROCESSOR_DEFINITIONS = (
					"DEBUG=1",
					"$(inherited)",
				);
				GCC_SYMBOLS_PRIVATE_EXTERN = NO;
				GCC_WARN_ABOUT_RETURN_TYPE = YES;
				GCC_WARN_UNINITIALIZED_AUTOS = YES;
				GCC_WARN_UNUSED_VARIABLE = YES;
				IPHONEOS_DEPLOYMENT_TARGET = 6.1;
				ONLY_ACTIVE_ARCH = YES;
				SDKROOT = iphoneos;
			};
			name = Debug;
		};
		EA36399616E84F3900970068 /* Release */ = {
			isa = XCBuildConfiguration;
			buildSettings = {
				ALWAYS_SEARCH_USER_PATHS = NO;
				CLANG_CXX_LANGUAGE_STANDARD = "gnu++0x";
				CLANG_CXX_LIBRARY = "libc++";
				CLANG_ENABLE_OBJC_ARC = YES;
				CLANG_WARN_CONSTANT_CONVERSION = YES;
				CLANG_WARN_EMPTY_BODY = YES;
				CLANG_WARN_ENUM_CONVERSION = YES;
				CLANG_WARN_INT_CONVERSION = YES;
				CLANG_WARN__DUPLICATE_METHOD_MATCH = YES;
				"CODE_SIGN_IDENTITY[sdk=iphoneos*]" = "iPhone Developer";
				COPY_PHASE_STRIP = YES;
				GCC_C_LANGUAGE_STANDARD = gnu99;
				GCC_WARN_ABOUT_RETURN_TYPE = YES;
				GCC_WARN_UNINITIALIZED_AUTOS = YES;
				GCC_WARN_UNUSED_VARIABLE = YES;
				IPHONEOS_DEPLOYMENT_TARGET = 6.1;
				OTHER_CFLAGS = "-DNS_BLOCK_ASSERTIONS=1";
				SDKROOT = iphoneos;
				VALIDATE_PRODUCT = YES;
			};
			name = Release;
		};
		EA36399816E84F3900970068 /* Debug */ = {
			isa = XCBuildConfiguration;
			buildSettings = {
				FRAMEWORK_SEARCH_PATHS = (
					"$(inherited)",
					"\"$(SRCROOT)\"",
				);
				GCC_PRECOMPILE_PREFIX_HEADER = YES;
				GCC_PREFIX_HEADER = "MemoryCapsule/MemoryCapsule-Prefix.pch";
				INFOPLIST_FILE = "MemoryCapsule/MemoryCapsule-Info.plist";
				PRODUCT_NAME = "$(TARGET_NAME)";
				WRAPPER_EXTENSION = app;
			};
			name = Debug;
		};
		EA36399916E84F3900970068 /* Release */ = {
			isa = XCBuildConfiguration;
			buildSettings = {
				FRAMEWORK_SEARCH_PATHS = (
					"$(inherited)",
					"\"$(SRCROOT)\"",
				);
				GCC_PRECOMPILE_PREFIX_HEADER = YES;
				GCC_PREFIX_HEADER = "MemoryCapsule/MemoryCapsule-Prefix.pch";
				INFOPLIST_FILE = "MemoryCapsule/MemoryCapsule-Info.plist";
				PRODUCT_NAME = "$(TARGET_NAME)";
				WRAPPER_EXTENSION = app;
			};
			name = Release;
		};
/* End XCBuildConfiguration section */

/* Begin XCConfigurationList section */
		EA36396F16E84F3900970068 /* Build configuration list for PBXProject "MemoryCapsule" */ = {
			isa = XCConfigurationList;
			buildConfigurations = (
				EA36399516E84F3900970068 /* Debug */,
				EA36399616E84F3900970068 /* Release */,
			);
			defaultConfigurationIsVisible = 0;
			defaultConfigurationName = Release;
		};
		EA36399716E84F3900970068 /* Build configuration list for PBXNativeTarget "MemoryCapsule" */ = {
			isa = XCConfigurationList;
			buildConfigurations = (
				EA36399816E84F3900970068 /* Debug */,
				EA36399916E84F3900970068 /* Release */,
			);
			defaultConfigurationIsVisible = 0;
			defaultConfigurationName = Release;
		};
/* End XCConfigurationList section */
	};
	rootObject = EA36396C16E84F3900970068 /* Project object */;
}
