// !$*UTF8*$!
{
	archiveVersion = 1;
	classes = {
	};
	objectVersion = 45;
	objects = {

/* Begin PBXBuildFile section */
		EA21090816FA47CB0074B34E /* Parse.framework in Frameworks */ = {isa = PBXBuildFile; fileRef = EA21090716FA47CB0074B34E /* Parse.framework */; };
		EA36397816E84F3900970068 /* UIKit.framework in Frameworks */ = {isa = PBXBuildFile; fileRef = EA36397716E84F3900970068 /* UIKit.framework */; };
		EA36397A16E84F3900970068 /* Foundation.framework in Frameworks */ = {isa = PBXBuildFile; fileRef = EA36397916E84F3900970068 /* Foundation.framework */; };
		EA36397C16E84F3900970068 /* CoreGraphics.framework in Frameworks */ = {isa = PBXBuildFile; fileRef = EA36397B16E84F3900970068 /* CoreGraphics.framework */; };
		EA36398216E84F3900970068 /* InfoPlist.strings in Resources */ = {isa = PBXBuildFile; fileRef = EA36398016E84F3900970068 /* InfoPlist.strings */; };
		EA36398416E84F3900970068 /* main.m in Sources */ = {isa = PBXBuildFile; fileRef = EA36398316E84F3900970068 /* main.m */; };
		EA36398816E84F3900970068 /* AppDelegate.m in Sources */ = {isa = PBXBuildFile; fileRef = EA36398716E84F3900970068 /* AppDelegate.m */; };
		EA36398A16E84F3900970068 /* Default.png in Resources */ = {isa = PBXBuildFile; fileRef = EA36398916E84F3900970068 /* Default.png */; };
		EA36398C16E84F3900970068 /* Default@2x.png in Resources */ = {isa = PBXBuildFile; fileRef = EA36398B16E84F3900970068 /* Default@2x.png */; };
		EA36398E16E84F3900970068 /* Default-568h@2x.png in Resources */ = {isa = PBXBuildFile; fileRef = EA36398D16E84F3900970068 /* Default-568h@2x.png */; };
		EA36399116E84F3900970068 /* MainStoryboard.storyboard in Resources */ = {isa = PBXBuildFile; fileRef = EA36398F16E84F3900970068 /* MainStoryboard.storyboard */; };
		EA36399416E84F3900970068 /* ViewController.m in Sources */ = {isa = PBXBuildFile; fileRef = EA36399316E84F3900970068 /* ViewController.m */; };
		EA683A2016EFF351000BF949 /* AudioToolbox.framework in Frameworks */ = {isa = PBXBuildFile; fileRef = EA683A1F16EFF351000BF949 /* AudioToolbox.framework */; };
		EA683A2216EFF35C000BF949 /* CFNetwork.framework in Frameworks */ = {isa = PBXBuildFile; fileRef = EA683A2116EFF35C000BF949 /* CFNetwork.framework */; };
		EA683A2416EFF371000BF949 /* CoreLocation.framework in Frameworks */ = {isa = PBXBuildFile; fileRef = EA683A2316EFF371000BF949 /* CoreLocation.framework */; };
		EA683A2616EFF3B6000BF949 /* libz.1.1.3.dylib in Frameworks */ = {isa = PBXBuildFile; fileRef = EA683A2516EFF3B6000BF949 /* libz.1.1.3.dylib */; };
		EA683A2816EFF3C3000BF949 /* MobileCoreServices.framework in Frameworks */ = {isa = PBXBuildFile; fileRef = EA683A2716EFF3C3000BF949 /* MobileCoreServices.framework */; };
		EA683A2A16EFF3CF000BF949 /* QuartzCore.framework in Frameworks */ = {isa = PBXBuildFile; fileRef = EA683A2916EFF3CF000BF949 /* QuartzCore.framework */; };
		EA683A2C16EFF3D8000BF949 /* Security.framework in Frameworks */ = {isa = PBXBuildFile; fileRef = EA683A2B16EFF3D8000BF949 /* Security.framework */; };
		EA683A2E16EFF3E2000BF949 /* StoreKit.framework in Frameworks */ = {isa = PBXBuildFile; fileRef = EA683A2D16EFF3E2000BF949 /* StoreKit.framework */; };
		EA683A3016EFF3EB000BF949 /* SystemConfiguration.framework in Frameworks */ = {isa = PBXBuildFile; fileRef = EA683A2F16EFF3EB000BF949 /* SystemConfiguration.framework */; };
		EA683A3316F004C2000BF949 /* LoginViewController.m in Sources */ = {isa = PBXBuildFile; fileRef = EA683A3216F004C2000BF949 /* LoginViewController.m */; };
		EA683A3F16F01989000BF949 /* full_jar.png in Resources */ = {isa = PBXBuildFile; fileRef = EA683A3D16F01989000BF949 /* full_jar.png */; };
		EA683A4016F01989000BF949 /* login1.png in Resources */ = {isa = PBXBuildFile; fileRef = EA683A3E16F01989000BF949 /* login1.png */; };
		EA683A9916F2A321000BF949 /* accounts.txt in Resources */ = {isa = PBXBuildFile; fileRef = EA683A9816F2A321000BF949 /* accounts.txt */; };
		EA683ABE16F657DE000BF949 /* HomeViewController.m in Sources */ = {isa = PBXBuildFile; fileRef = EA683ABD16F657DE000BF949 /* HomeViewController.m */; };
		EA683AC016F6BCC7000BF949 /* img-licenses.txt in Resources */ = {isa = PBXBuildFile; fileRef = EA683ABF16F6BCC7000BF949 /* img-licenses.txt */; };
		EA683AE916F6C0C3000BF949 /* remove-friend.png in Resources */ = {isa = PBXBuildFile; fileRef = EA683AE716F6C0C3000BF949 /* remove-friend.png */; };
		EA683AF316F6D459000BF949 /* jar-lock.png in Resources */ = {isa = PBXBuildFile; fileRef = EA683AF016F6D459000BF949 /* jar-lock.png */; };
		EA683AF416F6D459000BF949 /* jar-unlock.png in Resources */ = {isa = PBXBuildFile; fileRef = EA683AF116F6D459000BF949 /* jar-unlock.png */; };
		EA683AF716F6DA9E000BF949 /* jar-plus4.png in Resources */ = {isa = PBXBuildFile; fileRef = EA683AF616F6DA9E000BF949 /* jar-plus4.png */; };
		EA683AFA16F6DD9E000BF949 /* friend-add.png in Resources */ = {isa = PBXBuildFile; fileRef = EA683AF816F6DD9D000BF949 /* friend-add.png */; };
		EA683AFB16F6DD9E000BF949 /* friend-remove.png in Resources */ = {isa = PBXBuildFile; fileRef = EA683AF916F6DD9E000BF949 /* friend-remove.png */; };
		EA683AFD16F6DE36000BF949 /* friend.png in Resources */ = {isa = PBXBuildFile; fileRef = EA683AFC16F6DE35000BF949 /* friend.png */; };
		EA683AFF16F6DFA2000BF949 /* inbox-document-icon.png in Resources */ = {isa = PBXBuildFile; fileRef = EA683AFE16F6DFA2000BF949 /* inbox-document-icon.png */; };
		EA683B0116F6DFFE000BF949 /* app-map-icon.png in Resources */ = {isa = PBXBuildFile; fileRef = EA683B0016F6DFFE000BF949 /* app-map-icon.png */; };
		EA683B0316F6E0D4000BF949 /* jar-32.png in Resources */ = {isa = PBXBuildFile; fileRef = EA683B0216F6E0D3000BF949 /* jar-32.png */; };
		EAA18D8B16F82FB00011B050 /* FriendsViewController.m in Sources */ = {isa = PBXBuildFile; fileRef = EAA18D8A16F82FAF0011B050 /* FriendsViewController.m */; };
		EAA18D9F16FA37C90011B050 /* InviteViewController.m in Sources */ = {isa = PBXBuildFile; fileRef = EAA18D9D16FA37C90011B050 /* InviteViewController.m */; };
		EAA18DA016FA37C90011B050 /* InviteViewController.xib in Resources */ = {isa = PBXBuildFile; fileRef = EAA18D9E16FA37C90011B050 /* InviteViewController.xib */; };
/* End PBXBuildFile section */

/* Begin PBXFileReference section */
		EA21090716FA47CB0074B34E /* Parse.framework */ = {isa = PBXFileReference; lastKnownFileType = wrapper.framework; path = Parse.framework; sourceTree = "<group>"; };
		EA36397416E84F3900970068 /* MemoryCapsule.app */ = {isa = PBXFileReference; explicitFileType = wrapper.application; includeInIndex = 0; path = MemoryCapsule.app; sourceTree = BUILT_PRODUCTS_DIR; };
		EA36397716E84F3900970068 /* UIKit.framework */ = {isa = PBXFileReference; lastKnownFileType = wrapper.framework; name = UIKit.framework; path = System/Library/Frameworks/UIKit.framework; sourceTree = SDKROOT; };
		EA36397916E84F3900970068 /* Foundation.framework */ = {isa = PBXFileReference; lastKnownFileType = wrapper.framework; name = Foundation.framework; path = System/Library/Frameworks/Foundation.framework; sourceTree = SDKROOT; };
		EA36397B16E84F3900970068 /* CoreGraphics.framework */ = {isa = PBXFileReference; lastKnownFileType = wrapper.framework; name = CoreGraphics.framework; path = System/Library/Frameworks/CoreGraphics.framework; sourceTree = SDKROOT; };
		EA36397F16E84F3900970068 /* MemoryCapsule-Info.plist */ = {isa = PBXFileReference; lastKnownFileType = text.plist.xml; path = "MemoryCapsule-Info.plist"; sourceTree = "<group>"; };
		EA36398116E84F3900970068 /* en */ = {isa = PBXFileReference; lastKnownFileType = text.plist.strings; name = en; path = en.lproj/InfoPlist.strings; sourceTree = "<group>"; };
		EA36398316E84F3900970068 /* main.m */ = {isa = PBXFileReference; lastKnownFileType = sourcecode.c.objc; path = main.m; sourceTree = "<group>"; };
		EA36398516E84F3900970068 /* MemoryCapsule-Prefix.pch */ = {isa = PBXFileReference; lastKnownFileType = sourcecode.c.h; path = "MemoryCapsule-Prefix.pch"; sourceTree = "<group>"; };
		EA36398616E84F3900970068 /* AppDelegate.h */ = {isa = PBXFileReference; lastKnownFileType = sourcecode.c.h; path = AppDelegate.h; sourceTree = "<group>"; };
		EA36398716E84F3900970068 /* AppDelegate.m */ = {isa = PBXFileReference; lastKnownFileType = sourcecode.c.objc; path = AppDelegate.m; sourceTree = "<group>"; };
		EA36398916E84F3900970068 /* Default.png */ = {isa = PBXFileReference; lastKnownFileType = image.png; path = Default.png; sourceTree = "<group>"; };
		EA36398B16E84F3900970068 /* Default@2x.png */ = {isa = PBXFileReference; lastKnownFileType = image.png; path = "Default@2x.png"; sourceTree = "<group>"; };
		EA36398D16E84F3900970068 /* Default-568h@2x.png */ = {isa = PBXFileReference; lastKnownFileType = image.png; path = "Default-568h@2x.png"; sourceTree = "<group>"; };
		EA36399016E84F3900970068 /* en */ = {isa = PBXFileReference; lastKnownFileType = file.storyboard; name = en; path = en.lproj/MainStoryboard.storyboard; sourceTree = "<group>"; };
		EA36399216E84F3900970068 /* ViewController.h */ = {isa = PBXFileReference; lastKnownFileType = sourcecode.c.h; path = ViewController.h; sourceTree = "<group>"; };
		EA36399316E84F3900970068 /* ViewController.m */ = {isa = PBXFileReference; lastKnownFileType = sourcecode.c.objc; path = ViewController.m; sourceTree = "<group>"; };
		EA683A1F16EFF351000BF949 /* AudioToolbox.framework */ = {isa = PBXFileReference; lastKnownFileType = wrapper.framework; name = AudioToolbox.framework; path = System/Library/Frameworks/AudioToolbox.framework; sourceTree = SDKROOT; };
		EA683A2116EFF35C000BF949 /* CFNetwork.framework */ = {isa = PBXFileReference; lastKnownFileType = wrapper.framework; name = CFNetwork.framework; path = System/Library/Frameworks/CFNetwork.framework; sourceTree = SDKROOT; };
		EA683A2316EFF371000BF949 /* CoreLocation.framework */ = {isa = PBXFileReference; lastKnownFileType = wrapper.framework; name = CoreLocation.framework; path = System/Library/Frameworks/CoreLocation.framework; sourceTree = SDKROOT; };
		EA683A2516EFF3B6000BF949 /* libz.1.1.3.dylib */ = {isa = PBXFileReference; lastKnownFileType = "compiled.mach-o.dylib"; name = libz.1.1.3.dylib; path = usr/lib/libz.1.1.3.dylib; sourceTree = SDKROOT; };
		EA683A2716EFF3C3000BF949 /* MobileCoreServices.framework */ = {isa = PBXFileReference; lastKnownFileType = wrapper.framework; name = MobileCoreServices.framework; path = System/Library/Frameworks/MobileCoreServices.framework; sourceTree = SDKROOT; };
		EA683A2916EFF3CF000BF949 /* QuartzCore.framework */ = {isa = PBXFileReference; lastKnownFileType = wrapper.framework; name = QuartzCore.framework; path = System/Library/Frameworks/QuartzCore.framework; sourceTree = SDKROOT; };
		EA683A2B16EFF3D8000BF949 /* Security.framework */ = {isa = PBXFileReference; lastKnownFileType = wrapper.framework; name = Security.framework; path = System/Library/Frameworks/Security.framework; sourceTree = SDKROOT; };
		EA683A2D16EFF3E2000BF949 /* StoreKit.framework */ = {isa = PBXFileReference; lastKnownFileType = wrapper.framework; name = StoreKit.framework; path = System/Library/Frameworks/StoreKit.framework; sourceTree = SDKROOT; };
		EA683A2F16EFF3EB000BF949 /* SystemConfiguration.framework */ = {isa = PBXFileReference; lastKnownFileType = wrapper.framework; name = SystemConfiguration.framework; path = System/Library/Frameworks/SystemConfiguration.framework; sourceTree = SDKROOT; };
		EA683A3116F004C2000BF949 /* LoginViewController.h */ = {isa = PBXFileReference; fileEncoding = 4; lastKnownFileType = sourcecode.c.h; name = LoginViewController.h; path = MemoryCapsule/LoginViewController.h; sourceTree = "<group>"; };
		EA683A3216F004C2000BF949 /* LoginViewController.m */ = {isa = PBXFileReference; fileEncoding = 4; lastKnownFileType = sourcecode.c.objc; name = LoginViewController.m; path = MemoryCapsule/LoginViewController.m; sourceTree = "<group>"; };
		EA683A3D16F01989000BF949 /* full_jar.png */ = {isa = PBXFileReference; lastKnownFileType = image.png; path = full_jar.png; sourceTree = "<group>"; };
		EA683A3E16F01989000BF949 /* login1.png */ = {isa = PBXFileReference; lastKnownFileType = image.png; path = login1.png; sourceTree = "<group>"; };
		EA683A9816F2A321000BF949 /* accounts.txt */ = {isa = PBXFileReference; fileEncoding = 4; lastKnownFileType = text; path = accounts.txt; sourceTree = "<group>"; };
		EA683ABC16F657DE000BF949 /* HomeViewController.h */ = {isa = PBXFileReference; fileEncoding = 4; lastKnownFileType = sourcecode.c.h; name = HomeViewController.h; path = MemoryCapsule/HomeViewController.h; sourceTree = "<group>"; };
		EA683ABD16F657DE000BF949 /* HomeViewController.m */ = {isa = PBXFileReference; fileEncoding = 4; lastKnownFileType = sourcecode.c.objc; name = HomeViewController.m; path = MemoryCapsule/HomeViewController.m; sourceTree = "<group>"; };
		EA683ABF16F6BCC7000BF949 /* img-licenses.txt */ = {isa = PBXFileReference; fileEncoding = 4; lastKnownFileType = text; path = "img-licenses.txt"; sourceTree = "<group>"; };
		EA683AE716F6C0C3000BF949 /* remove-friend.png */ = {isa = PBXFileReference; lastKnownFileType = image.png; path = "remove-friend.png"; sourceTree = "<group>"; };
		EA683AF016F6D459000BF949 /* jar-lock.png */ = {isa = PBXFileReference; lastKnownFileType = image.png; path = "jar-lock.png"; sourceTree = "<group>"; };
		EA683AF116F6D459000BF949 /* jar-unlock.png */ = {isa = PBXFileReference; lastKnownFileType = image.png; path = "jar-unlock.png"; sourceTree = "<group>"; };
		EA683AF616F6DA9E000BF949 /* jar-plus4.png */ = {isa = PBXFileReference; lastKnownFileType = image.png; path = "jar-plus4.png"; sourceTree = "<group>"; };
		EA683AF816F6DD9D000BF949 /* friend-add.png */ = {isa = PBXFileReference; lastKnownFileType = image.png; path = "friend-add.png"; sourceTree = "<group>"; };
		EA683AF916F6DD9E000BF949 /* friend-remove.png */ = {isa = PBXFileReference; lastKnownFileType = image.png; path = "friend-remove.png"; sourceTree = "<group>"; };
		EA683AFC16F6DE35000BF949 /* friend.png */ = {isa = PBXFileReference; lastKnownFileType = image.png; path = friend.png; sourceTree = "<group>"; };
		EA683AFE16F6DFA2000BF949 /* inbox-document-icon.png */ = {isa = PBXFileReference; lastKnownFileType = image.png; path = "inbox-document-icon.png"; sourceTree = "<group>"; };
		EA683B0016F6DFFE000BF949 /* app-map-icon.png */ = {isa = PBXFileReference; lastKnownFileType = image.png; path = "app-map-icon.png"; sourceTree = "<group>"; };
		EA683B0216F6E0D3000BF949 /* jar-32.png */ = {isa = PBXFileReference; lastKnownFileType = image.png; path = "jar-32.png"; sourceTree = "<group>"; };
		EAA18D8916F82FAF0011B050 /* FriendsViewController.h */ = {isa = PBXFileReference; fileEncoding = 4; lastKnownFileType = sourcecode.c.h; name = FriendsViewController.h; path = MemoryCapsule/FriendsViewController.h; sourceTree = "<group>"; };
		EAA18D8A16F82FAF0011B050 /* FriendsViewController.m */ = {isa = PBXFileReference; fileEncoding = 4; lastKnownFileType = sourcecode.c.objc; name = FriendsViewController.m; path = MemoryCapsule/FriendsViewController.m; sourceTree = "<group>"; };
		EAA18D9C16FA37C90011B050 /* InviteViewController.h */ = {isa = PBXFileReference; fileEncoding = 4; lastKnownFileType = sourcecode.c.h; name = InviteViewController.h; path = MemoryCapsule/InviteViewController.h; sourceTree = "<group>"; };
		EAA18D9D16FA37C90011B050 /* InviteViewController.m */ = {isa = PBXFileReference; fileEncoding = 4; lastKnownFileType = sourcecode.c.objc; name = InviteViewController.m; path = MemoryCapsule/InviteViewController.m; sourceTree = "<group>"; };
		EAA18D9E16FA37C90011B050 /* InviteViewController.xib */ = {isa = PBXFileReference; fileEncoding = 4; lastKnownFileType = file.xib; name = InviteViewController.xib; path = MemoryCapsule/InviteViewController.xib; sourceTree = "<group>"; };
/* End PBXFileReference section */

/* Begin PBXFrameworksBuildPhase section */
		EA36397116E84F3900970068 /* Frameworks */ = {
			isa = PBXFrameworksBuildPhase;
			buildActionMask = 2147483647;
			files = (
				EA21090816FA47CB0074B34E /* Parse.framework in Frameworks */,
				EA683A3016EFF3EB000BF949 /* SystemConfiguration.framework in Frameworks */,
				EA683A2E16EFF3E2000BF949 /* StoreKit.framework in Frameworks */,
				EA683A2C16EFF3D8000BF949 /* Security.framework in Frameworks */,
				EA683A2A16EFF3CF000BF949 /* QuartzCore.framework in Frameworks */,
				EA683A2816EFF3C3000BF949 /* MobileCoreServices.framework in Frameworks */,
				EA683A2616EFF3B6000BF949 /* libz.1.1.3.dylib in Frameworks */,
				EA683A2416EFF371000BF949 /* CoreLocation.framework in Frameworks */,
				EA36397C16E84F3900970068 /* CoreGraphics.framework in Frameworks */,
				EA683A2216EFF35C000BF949 /* CFNetwork.framework in Frameworks */,
				EA683A2016EFF351000BF949 /* AudioToolbox.framework in Frameworks */,
				EA36397816E84F3900970068 /* UIKit.framework in Frameworks */,
				EA36397A16E84F3900970068 /* Foundation.framework in Frameworks */,
			);
			runOnlyForDeploymentPostprocessing = 0;
		};
/* End PBXFrameworksBuildPhase section */

/* Begin PBXGroup section */
		EA36396B16E84F3900970068 = {
			isa = PBXGroup;
			children = (
				EA21090716FA47CB0074B34E /* Parse.framework */,
				EA683A9716F1962F000BF949 /* Documentation */,
				EA683A9616F19624000BF949 /* Friends */,
				EA683A9516F1961D000BF949 /* Capsule */,
				EA683A8E16F17FE4000BF949 /* Home */,
				EA683A4116F058FD000BF949 /* Login */,
				EA36397D16E84F3900970068 /* MemoryCapsule */,
				EA36397616E84F3900970068 /* Frameworks */,
				EA36397516E84F3900970068 /* Products */,
			);
			sourceTree = "<group>";
		};
		EA36397516E84F3900970068 /* Products */ = {
			isa = PBXGroup;
			children = (
				EA36397416E84F3900970068 /* MemoryCapsule.app */,
			);
			name = Products;
			sourceTree = "<group>";
		};
		EA36397616E84F3900970068 /* Frameworks */ = {
			isa = PBXGroup;
			children = (
				EA683A2F16EFF3EB000BF949 /* SystemConfiguration.framework */,
				EA683A2D16EFF3E2000BF949 /* StoreKit.framework */,
				EA683A2B16EFF3D8000BF949 /* Security.framework */,
				EA683A2916EFF3CF000BF949 /* QuartzCore.framework */,
				EA683A2716EFF3C3000BF949 /* MobileCoreServices.framework */,
				EA683A2516EFF3B6000BF949 /* libz.1.1.3.dylib */,
				EA683A2316EFF371000BF949 /* CoreLocation.framework */,
				EA683A2116EFF35C000BF949 /* CFNetwork.framework */,
				EA683A1F16EFF351000BF949 /* AudioToolbox.framework */,
				EA36397716E84F3900970068 /* UIKit.framework */,
				EA36397916E84F3900970068 /* Foundation.framework */,
				EA36397B16E84F3900970068 /* CoreGraphics.framework */,
			);
			name = Frameworks;
			sourceTree = "<group>";
		};
		EA36397D16E84F3900970068 /* MemoryCapsule */ = {
			isa = PBXGroup;
			children = (
				EA36398616E84F3900970068 /* AppDelegate.h */,
				EA36398716E84F3900970068 /* AppDelegate.m */,
				EA36398F16E84F3900970068 /* MainStoryboard.storyboard */,
				EA36399216E84F3900970068 /* ViewController.h */,
				EA36399316E84F3900970068 /* ViewController.m */,
				EA683A3616F00580000BF949 /* Images */,
				EA36397E16E84F3900970068 /* Supporting Files */,
			);
			path = MemoryCapsule;
			sourceTree = "<group>";
		};
		EA36397E16E84F3900970068 /* Supporting Files */ = {
			isa = PBXGroup;
			children = (
				EA36397F16E84F3900970068 /* MemoryCapsule-Info.plist */,
				EA36398016E84F3900970068 /* InfoPlist.strings */,
				EA36398316E84F3900970068 /* main.m */,
				EA36398516E84F3900970068 /* MemoryCapsule-Prefix.pch */,
				EA36398916E84F3900970068 /* Default.png */,
				EA36398B16E84F3900970068 /* Default@2x.png */,
				EA36398D16E84F3900970068 /* Default-568h@2x.png */,
			);
			name = "Supporting Files";
			sourceTree = "<group>";
		};
		EA683A3616F00580000BF949 /* Images */ = {
			isa = PBXGroup;
			children = (
				EA683B0216F6E0D3000BF949 /* jar-32.png */,
				EA683B0016F6DFFE000BF949 /* app-map-icon.png */,
				EA683AFE16F6DFA2000BF949 /* inbox-document-icon.png */,
				EA683AFC16F6DE35000BF949 /* friend.png */,
				EA683AF816F6DD9D000BF949 /* friend-add.png */,
				EA683AF916F6DD9E000BF949 /* friend-remove.png */,
				EA683AF616F6DA9E000BF949 /* jar-plus4.png */,
				EA683AF016F6D459000BF949 /* jar-lock.png */,
				EA683AF116F6D459000BF949 /* jar-unlock.png */,
				EA683AE716F6C0C3000BF949 /* remove-friend.png */,
				EA683A3D16F01989000BF949 /* full_jar.png */,
				EA683A3E16F01989000BF949 /* login1.png */,
			);
			name = Images;
			sourceTree = "<group>";
		};
		EA683A4116F058FD000BF949 /* Login */ = {
			isa = PBXGroup;
			children = (
				EA683A3116F004C2000BF949 /* LoginViewController.h */,
				EA683A3216F004C2000BF949 /* LoginViewController.m */,
			);
			name = Login;
			sourceTree = "<group>";
		};
		EA683A8E16F17FE4000BF949 /* Home */ = {
			isa = PBXGroup;
			children = (
				EA683ABC16F657DE000BF949 /* HomeViewController.h */,
				EA683ABD16F657DE000BF949 /* HomeViewController.m */,
			);
			name = Home;
			sourceTree = "<group>";
		};
		EA683A9516F1961D000BF949 /* Capsule */ = {
			isa = PBXGroup;
			children = (
			);
			name = Capsule;
			sourceTree = "<group>";
		};
		EA683A9616F19624000BF949 /* Friends */ = {
			isa = PBXGroup;
			children = (
				EAA18D8916F82FAF0011B050 /* FriendsViewController.h */,
				EAA18D8A16F82FAF0011B050 /* FriendsViewController.m */,
				EAA18D9C16FA37C90011B050 /* InviteViewController.h */,
				EAA18D9D16FA37C90011B050 /* InviteViewController.m */,
				EAA18D9E16FA37C90011B050 /* InviteViewController.xib */,
			);
			name = Friends;
			sourceTree = "<group>";
		};
		EA683A9716F1962F000BF949 /* Documentation */ = {
			isa = PBXGroup;
			children = (
				EA683A9816F2A321000BF949 /* accounts.txt */,
				EA683ABF16F6BCC7000BF949 /* img-licenses.txt */,
			);
			name = Documentation;
			sourceTree = "<group>";
		};
/* End PBXGroup section */

/* Begin PBXNativeTarget section */
		EA36397316E84F3900970068 /* MemoryCapsule */ = {
			isa = PBXNativeTarget;
			buildConfigurationList = EA36399716E84F3900970068 /* Build configuration list for PBXNativeTarget "MemoryCapsule" */;
			buildPhases = (
				EA36397016E84F3900970068 /* Sources */,
				EA36397116E84F3900970068 /* Frameworks */,
				EA36397216E84F3900970068 /* Resources */,
			);
			buildRules = (
			);
			dependencies = (
			);
			name = MemoryCapsule;
			productName = MemoryCapsule;
			productReference = EA36397416E84F3900970068 /* MemoryCapsule.app */;
			productType = "com.apple.product-type.application";
		};
/* End PBXNativeTarget section */

/* Begin PBXProject section */
		EA36396C16E84F3900970068 /* Project object */ = {
			isa = PBXProject;
			attributes = {
				LastUpgradeCheck = 0460;
				ORGANIZATIONNAME = teambrown;
			};
			buildConfigurationList = EA36396F16E84F3900970068 /* Build configuration list for PBXProject "MemoryCapsule" */;
			compatibilityVersion = "Xcode 3.1";
			developmentRegion = English;
			hasScannedForEncodings = 0;
			knownRegions = (
				en,
			);
			mainGroup = EA36396B16E84F3900970068;
			productRefGroup = EA36397516E84F3900970068 /* Products */;
			projectDirPath = "";
			projectRoot = "";
			targets = (
				EA36397316E84F3900970068 /* MemoryCapsule */,
			);
		};
/* End PBXProject section */

/* Begin PBXResourcesBuildPhase section */
		EA36397216E84F3900970068 /* Resources */ = {
			isa = PBXResourcesBuildPhase;
			buildActionMask = 2147483647;
			files = (
				EA36398216E84F3900970068 /* InfoPlist.strings in Resources */,
				EA36398A16E84F3900970068 /* Default.png in Resources */,
				EA36398C16E84F3900970068 /* Default@2x.png in Resources */,
				EA36398E16E84F3900970068 /* Default-568h@2x.png in Resources */,
				EA36399116E84F3900970068 /* MainStoryboard.storyboard in Resources */,
				EA683A3F16F01989000BF949 /* full_jar.png in Resources */,
				EA683A4016F01989000BF949 /* login1.png in Resources */,
				EA683A9916F2A321000BF949 /* accounts.txt in Resources */,
				EA683AC016F6BCC7000BF949 /* img-licenses.txt in Resources */,
				EA683AE916F6C0C3000BF949 /* remove-friend.png in Resources */,
				EA683AF316F6D459000BF949 /* jar-lock.png in Resources */,
				EA683AF416F6D459000BF949 /* jar-unlock.png in Resources */,
				EA683AF716F6DA9E000BF949 /* jar-plus4.png in Resources */,
				EA683AFA16F6DD9E000BF949 /* friend-add.png in Resources */,
				EA683AFB16F6DD9E000BF949 /* friend-remove.png in Resources */,
				EA683AFD16F6DE36000BF949 /* friend.png in Resources */,
				EA683AFF16F6DFA2000BF949 /* inbox-document-icon.png in Resources */,
				EA683B0116F6DFFE000BF949 /* app-map-icon.png in Resources */,
				EA683B0316F6E0D4000BF949 /* jar-32.png in Resources */,
				EAA18DA016FA37C90011B050 /* InviteViewController.xib in Resources */,
			);
			runOnlyForDeploymentPostprocessing = 0;
		};
/* End PBXResourcesBuildPhase section */

/* Begin PBXSourcesBuildPhase section */
		EA36397016E84F3900970068 /* Sources */ = {
			isa = PBXSourcesBuildPhase;
			buildActionMask = 2147483647;
			files = (
				EA36398416E84F3900970068 /* main.m in Sources */,
				EA36398816E84F3900970068 /* AppDelegate.m in Sources */,
				EA36399416E84F3900970068 /* ViewController.m in Sources */,
				EA683A3316F004C2000BF949 /* LoginViewController.m in Sources */,
				EA683ABE16F657DE000BF949 /* HomeViewController.m in Sources */,
				EAA18D8B16F82FB00011B050 /* FriendsViewController.m in Sources */,
				EAA18D9F16FA37C90011B050 /* InviteViewController.m in Sources */,
			);
			runOnlyForDeploymentPostprocessing = 0;
		};
/* End PBXSourcesBuildPhase section */

/* Begin PBXVariantGroup section */
		EA36398016E84F3900970068 /* InfoPlist.strings */ = {
			isa = PBXVariantGroup;
			children = (
				EA36398116E84F3900970068 /* en */,
			);
			name = InfoPlist.strings;
			sourceTree = "<group>";
		};
		EA36398F16E84F3900970068 /* MainStoryboard.storyboard */ = {
			isa = PBXVariantGroup;
			children = (
				EA36399016E84F3900970068 /* en */,
			);
			name = MainStoryboard.storyboard;
			sourceTree = "<group>";
		};
/* End PBXVariantGroup section */

/* Begin XCBuildConfiguration section */
		EA36399516E84F3900970068 /* Debug */ = {
			isa = XCBuildConfiguration;
			buildSettings = {
				ALWAYS_SEARCH_USER_PATHS = NO;
				CLANG_CXX_LANGUAGE_STANDARD = "gnu++0x";
				CLANG_CXX_LIBRARY = "libc++";
				CLANG_ENABLE_OBJC_ARC = YES;
				CLANG_WARN_CONSTANT_CONVERSION = YES;
				CLANG_WARN_EMPTY_BODY = YES;
				CLANG_WARN_ENUM_CONVERSION = YES;
				CLANG_WARN_INT_CONVERSION = YES;
				CLANG_WARN__DUPLICATE_METHOD_MATCH = YES;
				"CODE_SIGN_IDENTITY[sdk=iphoneos*]" = "iPhone Developer";
				COPY_PHASE_STRIP = NO;
				GCC_C_LANGUAGE_STANDARD = gnu99;
				GCC_DYNAMIC_NO_PIC = NO;
				GCC_OPTIMIZATION_LEVEL = 0;
				GCC_PREPROCESSOR_DEFINITIONS = (
					"DEBUG=1",
					"$(inherited)",
				);
				GCC_SYMBOLS_PRIVATE_EXTERN = NO;
				GCC_WARN_ABOUT_RETURN_TYPE = YES;
				GCC_WARN_UNINITIALIZED_AUTOS = YES;
				GCC_WARN_UNUSED_VARIABLE = YES;
				IPHONEOS_DEPLOYMENT_TARGET = 6.1;
				ONLY_ACTIVE_ARCH = YES;
				SDKROOT = iphoneos;
			};
			name = Debug;
		};
		EA36399616E84F3900970068 /* Release */ = {
			isa = XCBuildConfiguration;
			buildSettings = {
				ALWAYS_SEARCH_USER_PATHS = NO;
				CLANG_CXX_LANGUAGE_STANDARD = "gnu++0x";
				CLANG_CXX_LIBRARY = "libc++";
				CLANG_ENABLE_OBJC_ARC = YES;
				CLANG_WARN_CONSTANT_CONVERSION = YES;
				CLANG_WARN_EMPTY_BODY = YES;
				CLANG_WARN_ENUM_CONVERSION = YES;
				CLANG_WARN_INT_CONVERSION = YES;
				CLANG_WARN__DUPLICATE_METHOD_MATCH = YES;
				"CODE_SIGN_IDENTITY[sdk=iphoneos*]" = "iPhone Developer";
				COPY_PHASE_STRIP = YES;
				GCC_C_LANGUAGE_STANDARD = gnu99;
				GCC_WARN_ABOUT_RETURN_TYPE = YES;
				GCC_WARN_UNINITIALIZED_AUTOS = YES;
				GCC_WARN_UNUSED_VARIABLE = YES;
				IPHONEOS_DEPLOYMENT_TARGET = 6.1;
				OTHER_CFLAGS = "-DNS_BLOCK_ASSERTIONS=1";
				SDKROOT = iphoneos;
				VALIDATE_PRODUCT = YES;
			};
			name = Release;
		};
		EA36399816E84F3900970068 /* Debug */ = {
			isa = XCBuildConfiguration;
			buildSettings = {
				FRAMEWORK_SEARCH_PATHS = (
					"$(inherited)",
					"\"$(SRCROOT)\"",
				);
				GCC_PRECOMPILE_PREFIX_HEADER = YES;
				GCC_PREFIX_HEADER = "MemoryCapsule/MemoryCapsule-Prefix.pch";
				INFOPLIST_FILE = "MemoryCapsule/MemoryCapsule-Info.plist";
				PRODUCT_NAME = "$(TARGET_NAME)";
				WRAPPER_EXTENSION = app;
			};
			name = Debug;
		};
		EA36399916E84F3900970068 /* Release */ = {
			isa = XCBuildConfiguration;
			buildSettings = {
				FRAMEWORK_SEARCH_PATHS = (
					"$(inherited)",
					"\"$(SRCROOT)\"",
				);
				GCC_PRECOMPILE_PREFIX_HEADER = YES;
				GCC_PREFIX_HEADER = "MemoryCapsule/MemoryCapsule-Prefix.pch";
				INFOPLIST_FILE = "MemoryCapsule/MemoryCapsule-Info.plist";
				PRODUCT_NAME = "$(TARGET_NAME)";
				WRAPPER_EXTENSION = app;
			};
			name = Release;
		};
/* End XCBuildConfiguration section */

/* Begin XCConfigurationList section */
		EA36396F16E84F3900970068 /* Build configuration list for PBXProject "MemoryCapsule" */ = {
			isa = XCConfigurationList;
			buildConfigurations = (
				EA36399516E84F3900970068 /* Debug */,
				EA36399616E84F3900970068 /* Release */,
			);
			defaultConfigurationIsVisible = 0;
			defaultConfigurationName = Release;
		};
		EA36399716E84F3900970068 /* Build configuration list for PBXNativeTarget "MemoryCapsule" */ = {
			isa = XCConfigurationList;
			buildConfigurations = (
				EA36399816E84F3900970068 /* Debug */,
				EA36399916E84F3900970068 /* Release */,
			);
			defaultConfigurationIsVisible = 0;
			defaultConfigurationName = Release;
		};
/* End XCConfigurationList section */
	};
	rootObject = EA36396C16E84F3900970068 /* Project object */;
}
